<?xml version="1.0" encoding="utf-8"?>
<Project ToolsVersion="4.0" xmlns="http://schemas.microsoft.com/developer/msbuild/2003">
  <ItemGroup>
    <Filter Include="Source Files">
      <UniqueIdentifier>{4FC737F1-C7A5-4376-A066-2A32D752A2FF}</UniqueIdentifier>
      <Extensions>cpp;c;cc;cxx;c++;cppm;ixx;def;odl;idl;hpj;bat;asm;asmx</Extensions>
    </Filter>
    <Filter Include="Header Files">
      <UniqueIdentifier>{93995380-89BD-4b04-88EB-625FBE52EBFB}</UniqueIdentifier>
      <Extensions>h;hh;hpp;hxx;h++;hm;inl;inc;ipp;xsd</Extensions>
    </Filter>
    <Filter Include="Source Files\Boilerplate">
      <UniqueIdentifier>{58764755-110e-4ca0-a2ce-11e4bc9e8352}</UniqueIdentifier>
    </Filter>
    <Filter Include="Source Files\AtSea">
      <UniqueIdentifier>{58b0cadb-258f-43c7-88e5-4aa911010249}</UniqueIdentifier>
    </Filter>
    <Filter Include="Source Files\Docked">
      <UniqueIdentifier>{aa5a4966-26d7-41aa-8ad9-9ec4b1e0b1ce}</UniqueIdentifier>
    </Filter>
    <Filter Include="Source Files\Utility">
      <UniqueIdentifier>{8704e9d7-d68c-48c4-9db3-a600a1df95bd}</UniqueIdentifier>
    </Filter>
    <Filter Include="Source Files\Careening">
      <UniqueIdentifier>{babb2734-14a4-4c2b-b9b3-06e706eaf646}</UniqueIdentifier>
    </Filter>
    <Filter Include="Header Files\Boilerplate">
      <UniqueIdentifier>{61816559-1be1-403a-ba9b-cef652ddda63}</UniqueIdentifier>
    </Filter>
    <Filter Include="Header Files\AtSea">
      <UniqueIdentifier>{cb2a2f10-3d36-48c4-a348-044b38b6ba2d}</UniqueIdentifier>
    </Filter>
    <Filter Include="Header Files\Docked">
      <UniqueIdentifier>{6b5b1717-bfe2-4369-bf91-e8e44e83dcef}</UniqueIdentifier>
    </Filter>
    <Filter Include="Header Files\Utility">
      <UniqueIdentifier>{19434232-c189-416a-a646-4c20f30f8802}</UniqueIdentifier>
    </Filter>
    <Filter Include="Header Files\AtSea\Ship Status">
      <UniqueIdentifier>{82526c7c-7e25-44c2-8390-ab34ad7a8927}</UniqueIdentifier>
    </Filter>
    <Filter Include="Source Files\AtSea\Crew Status">
      <UniqueIdentifier>{2cb8c9b2-d21e-4132-8a44-fafba0ab2c36}</UniqueIdentifier>
    </Filter>
    <Filter Include="Source Files\AtSea\Ship Status">
      <UniqueIdentifier>{a0149f8e-82f2-4d45-b199-037694d37eca}</UniqueIdentifier>
    </Filter>
    <Filter Include="Header Files\AtSea\Crew Status">
      <UniqueIdentifier>{0632369d-523e-41e7-aac9-b0d328b7a92f}</UniqueIdentifier>
    </Filter>
    <Filter Include="Source Files\Detailed Start">
      <UniqueIdentifier>{4af339c1-4de2-43e6-9173-3632cec06a98}</UniqueIdentifier>
    </Filter>
    <Filter Include="Header Files\Detailed Start">
      <UniqueIdentifier>{9ebc5cc1-664c-449b-8dc5-ce6250a3d28d}</UniqueIdentifier>
    </Filter>
    <Filter Include="Header Files\ScratchPad">
      <UniqueIdentifier>{e1b561f7-d26a-4d3e-bf46-9b1b6b6c1cc8}</UniqueIdentifier>
    </Filter>
    <Filter Include="Source Files\ScratchPad">
      <UniqueIdentifier>{e906a47f-cda6-4978-bcf1-51b3c0a67d35}</UniqueIdentifier>
    </Filter>
    <Filter Include="Source Files\ScratchPad\Detailed Start">
      <UniqueIdentifier>{d2665192-3a67-4a03-8ed9-71c101f7290f}</UniqueIdentifier>
    </Filter>
    <Filter Include="Header Files\ScratchPad\Detailed Start">
      <UniqueIdentifier>{2ae53703-6028-4cf4-b345-ec827df87d94}</UniqueIdentifier>
    </Filter>
    <Filter Include="Source Files\Docked\Delivery Service">
      <UniqueIdentifier>{95e085ec-f8c7-4a3e-b782-bdd7d0feb2c6}</UniqueIdentifier>
    </Filter>
    <Filter Include="Header Files\Docked\Delivery Service">
      <UniqueIdentifier>{3b44a5f2-479e-4dfa-b447-96487a7339e5}</UniqueIdentifier>
    </Filter>
  </ItemGroup>
  <ItemGroup>
    <ClInclude Include="UIState.h">
      <Filter>Header Files</Filter>
    </ClInclude>
    <ClInclude Include="State.About.h">
      <Filter>Header Files\Boilerplate</Filter>
    </ClInclude>
    <ClInclude Include="State.ConfirmAbandon.h">
      <Filter>Header Files\Boilerplate</Filter>
    </ClInclude>
    <ClInclude Include="State.ConfirmOverwrite.h">
      <Filter>Header Files\Boilerplate</Filter>
    </ClInclude>
    <ClInclude Include="State.ConfirmQuit.h">
      <Filter>Header Files\Boilerplate</Filter>
    </ClInclude>
    <ClInclude Include="State.InPlay.AtSeaOverview.h">
      <Filter>Header Files\AtSea</Filter>
    </ClInclude>
    <ClInclude Include="State.InPlay.Docked.h">
      <Filter>Header Files\Docked</Filter>
    </ClInclude>
    <ClInclude Include="State.InPlay.Lose.h">
      <Filter>Header Files\Utility</Filter>
    </ClInclude>
    <ClInclude Include="State.InPlay.Next.h">
      <Filter>Header Files\Utility</Filter>
    </ClInclude>
    <ClInclude Include="State.InPlay.Win.h">
      <Filter>Header Files\Utility</Filter>
    </ClInclude>
    <ClInclude Include="State.LeavePlay.h">
      <Filter>Header Files\Boilerplate</Filter>
    </ClInclude>
    <ClInclude Include="State.LoadGame.h">
      <Filter>Header Files\Boilerplate</Filter>
    </ClInclude>
    <ClInclude Include="State.MainMenu.h">
      <Filter>Header Files\Boilerplate</Filter>
    </ClInclude>
    <ClInclude Include="State.Options.h">
      <Filter>Header Files\Boilerplate</Filter>
    </ClInclude>
    <ClInclude Include="State.SaveGame.h">
      <Filter>Header Files\Boilerplate</Filter>
    </ClInclude>
    <ClInclude Include="State.Splash.h">
      <Filter>Header Files\Boilerplate</Filter>
    </ClInclude>
    <ClInclude Include="State.StartGame.h">
      <Filter>Header Files\Boilerplate</Filter>
    </ClInclude>
    <ClInclude Include="State.Statistics.h">
      <Filter>Header Files\Boilerplate</Filter>
    </ClInclude>
    <ClInclude Include="State.Tip.h">
      <Filter>Header Files\Boilerplate</Filter>
    </ClInclude>
    <ClInclude Include="State.InPlay.DockOrCareen.h">
      <Filter>Header Files\AtSea</Filter>
    </ClInclude>
    <ClInclude Include="State.InPlay.MultipleMove.h">
      <Filter>Header Files\AtSea</Filter>
    </ClInclude>
    <ClInclude Include="State.Terminal.h">
      <Filter>Header Files\Utility</Filter>
    </ClInclude>
    <ClInclude Include="State.InPlay.Globals.h">
      <Filter>Header Files\Utility</Filter>
    </ClInclude>
    <ClInclude Include="Menu.h">
      <Filter>Header Files\Utility</Filter>
    </ClInclude>
    <ClInclude Include="State.InPlay.ChangeHeading.h">
      <Filter>Header Files\AtSea\Ship Status</Filter>
    </ClInclude>
    <ClInclude Include="State.InPlay.ChangeSpeed.h">
      <Filter>Header Files\AtSea\Ship Status</Filter>
    </ClInclude>
    <ClInclude Include="State.InPlay.ManualHeading.h">
      <Filter>Header Files\AtSea\Ship Status</Filter>
    </ClInclude>
    <ClInclude Include="State.InPlay.RenameShipAdjective.h">
      <Filter>Header Files\AtSea\Ship Status</Filter>
    </ClInclude>
    <ClInclude Include="State.InPlay.RenameShipNoun.h">
      <Filter>Header Files\AtSea\Ship Status</Filter>
    </ClInclude>
    <ClInclude Include="State.InPlay.ShipStatus.h">
      <Filter>Header Files\AtSea\Ship Status</Filter>
    </ClInclude>
    <ClInclude Include="State.InPlay.CrewDetail.Characteristics.h">
      <Filter>Header Files\AtSea\Crew Status</Filter>
    </ClInclude>
    <ClInclude Include="State.InPlay.CrewDetail.h">
      <Filter>Header Files\AtSea\Crew Status</Filter>
    </ClInclude>
    <ClInclude Include="State.InPlay.CrewList.h">
      <Filter>Header Files\AtSea\Crew Status</Filter>
    </ClInclude>
    <ClInclude Include="State.InPlay.HeadForKnown.h">
      <Filter>Header Files\AtSea\Ship Status</Filter>
    </ClInclude>
    <ClInclude Include="State.InPlay.HeadForNearBy.h">
      <Filter>Header Files\AtSea\Ship Status</Filter>
    </ClInclude>
    <ClInclude Include="State.InPlay.HeadForMark.h">
      <Filter>Header Files\AtSea\Ship Status</Filter>
    </ClInclude>
    <ClInclude Include="State.InPlay.MarkCurrentLocation.h">
      <Filter>Header Files\AtSea\Ship Status</Filter>
    </ClInclude>
    <ClInclude Include="State.InPlay.ConfirmHeadForMark.h">
      <Filter>Header Files\AtSea\Ship Status</Filter>
    </ClInclude>
    <ClInclude Include="State.ChooseProfessionalSkill.h">
      <Filter>Header Files\Detailed Start</Filter>
    </ClInclude>
    <ClInclude Include="State.ChooseElectiveSkillCategories.h">
      <Filter>Header Files\Detailed Start</Filter>
    </ClInclude>
    <ClInclude Include="State.DetailedStart.h">
      <Filter>Header Files\Detailed Start</Filter>
    </ClInclude>
    <ClInclude Include="State.SpendProfessionalSkillPoints.h">
      <Filter>Header Files\Detailed Start</Filter>
    </ClInclude>
    <ClInclude Include="State.ChooseStartType.h">
      <Filter>Header Files\Boilerplate</Filter>
    </ClInclude>
    <ClInclude Include="State.ChoosePersonalSkill.h">
      <Filter>Header Files\Detailed Start</Filter>
    </ClInclude>
    <ClInclude Include="State.SpendPersonalSkillPoints.h">
      <Filter>Header Files\Detailed Start</Filter>
    </ClInclude>
    <ClInclude Include="State.ScratchPad.CrewDetail.h">
      <Filter>Header Files\ScratchPad</Filter>
    </ClInclude>
    <ClInclude Include="State.ScratchPad.ShipAdjective.h">
      <Filter>Header Files\ScratchPad</Filter>
    </ClInclude>
    <ClInclude Include="State.ScratchPad.HeadForMark.h">
      <Filter>Header Files\ScratchPad</Filter>
    </ClInclude>
    <ClInclude Include="State.ScratchPad.SelectedSkill.h">
      <Filter>Header Files\ScratchPad</Filter>
    </ClInclude>
    <ClInclude Include="State.ScratchPad.DetailedStart.ElectiveSkillCategories.h">
      <Filter>Header Files\ScratchPad\Detailed Start</Filter>
    </ClInclude>
    <ClInclude Include="State.ScratchPad.DetailedStart.Profession.h">
      <Filter>Header Files\ScratchPad\Detailed Start</Filter>
    </ClInclude>
    <ClInclude Include="State.ScratchPad.DetailedStart.ProfessionalSkillPointAllocations.h">
      <Filter>Header Files\ScratchPad\Detailed Start</Filter>
    </ClInclude>
    <ClInclude Include="State.ScratchPad.DetailedStart.PersonalSkillPointAllocations.h">
      <Filter>Header Files\ScratchPad\Detailed Start</Filter>
    </ClInclude>
    <ClInclude Include="State.ScratchPad.DetailedStart.ProfessionalSkillSet.h">
      <Filter>Header Files\ScratchPad\Detailed Start</Filter>
    </ClInclude>
    <ClInclude Include="State.ScratchPad.IslandDistrict.h">
      <Filter>Header Files\ScratchPad</Filter>
    </ClInclude>
    <ClInclude Include="State.InPlay.IslandDistrict.h">
      <Filter>Header Files\Docked</Filter>
    </ClInclude>
    <ClInclude Include="State.ScratchPad.IslandFeature.h">
      <Filter>Header Files\ScratchPad</Filter>
    </ClInclude>
    <ClInclude Include="State.ScratchPad.SelectedDelivery.h">
      <Filter>Header Files\ScratchPad</Filter>
    </ClInclude>
    <ClInclude Include="State.InPlay.DeliveryService.h">
      <Filter>Header Files\Docked\Delivery Service</Filter>
    </ClInclude>
    <ClInclude Include="State.InPlay.DeliveryService.JobDetail.h">
      <Filter>Header Files\Docked\Delivery Service</Filter>
    </ClInclude>
    <ClInclude Include="State.InPlay.DeliveryService.JobList.h">
      <Filter>Header Files\Docked\Delivery Service</Filter>
    </ClInclude>
    <ClInclude Include="State.InPlay.CrewDetail.Deliveries.h">
      <Filter>Header Files\AtSea\Crew Status</Filter>
    </ClInclude>
    <ClInclude Include="State.InPlay.CrewDetail.DeliveryDetail.h">
      <Filter>Header Files\AtSea\Crew Status</Filter>
    </ClInclude>
    <ClInclude Include="State.InPlay.CrewDetail.ConfirmAbandonDelivery.h">
      <Filter>Header Files\AtSea\Crew Status</Filter>
    </ClInclude>
    <ClInclude Include="State.InPlay.DeliveryService.MakeDelivery.h">
      <Filter>Header Files\Docked\Delivery Service</Filter>
    </ClInclude>
  </ItemGroup>
  <ItemGroup>
    <ClCompile Include="State.About.cpp">
      <Filter>Source Files\Boilerplate</Filter>
    </ClCompile>
    <ClCompile Include="State.ConfirmAbandon.cpp">
      <Filter>Source Files\Boilerplate</Filter>
    </ClCompile>
    <ClCompile Include="State.ConfirmOverwrite.cpp">
      <Filter>Source Files\Boilerplate</Filter>
    </ClCompile>
    <ClCompile Include="State.ConfirmQuit.cpp">
      <Filter>Source Files\Boilerplate</Filter>
    </ClCompile>
    <ClCompile Include="State.LeavePlay.cpp">
      <Filter>Source Files\Boilerplate</Filter>
    </ClCompile>
    <ClCompile Include="State.LoadGame.cpp">
      <Filter>Source Files\Boilerplate</Filter>
    </ClCompile>
    <ClCompile Include="State.MainMenu.cpp">
      <Filter>Source Files\Boilerplate</Filter>
    </ClCompile>
    <ClCompile Include="State.Options.cpp">
      <Filter>Source Files\Boilerplate</Filter>
    </ClCompile>
    <ClCompile Include="State.SaveGame.cpp">
      <Filter>Source Files\Boilerplate</Filter>
    </ClCompile>
    <ClCompile Include="State.Splash.cpp">
      <Filter>Source Files\Boilerplate</Filter>
    </ClCompile>
    <ClCompile Include="State.StartGame.cpp">
      <Filter>Source Files\Boilerplate</Filter>
    </ClCompile>
    <ClCompile Include="State.Statistics.cpp">
      <Filter>Source Files\Boilerplate</Filter>
    </ClCompile>
    <ClCompile Include="State.Tip.cpp">
      <Filter>Source Files\Boilerplate</Filter>
    </ClCompile>
    <ClCompile Include="State.InPlay.Docked.cpp">
      <Filter>Source Files\Docked</Filter>
    </ClCompile>
    <ClCompile Include="State.InPlay.Lose.cpp">
      <Filter>Source Files\Utility</Filter>
    </ClCompile>
    <ClCompile Include="State.InPlay.Next.cpp">
      <Filter>Source Files\Utility</Filter>
    </ClCompile>
    <ClCompile Include="State.InPlay.Win.cpp">
      <Filter>Source Files\Utility</Filter>
    </ClCompile>
    <ClCompile Include="State.InPlay.CrewList.cpp">
      <Filter>Source Files\AtSea\Crew Status</Filter>
    </ClCompile>
    <ClCompile Include="State.InPlay.CrewDetail.cpp">
      <Filter>Source Files\AtSea\Crew Status</Filter>
    </ClCompile>
    <ClCompile Include="State.Terminal.cpp">
      <Filter>Source Files\Utility</Filter>
    </ClCompile>
    <ClCompile Include="State.InPlay.AtSeaOverview.cpp">
      <Filter>Source Files\AtSea</Filter>
    </ClCompile>
    <ClCompile Include="State.InPlay.DockOrCareen.cpp">
      <Filter>Source Files\AtSea</Filter>
    </ClCompile>
    <ClCompile Include="State.InPlay.MultipleMove.cpp">
      <Filter>Source Files\AtSea</Filter>
    </ClCompile>
    <ClCompile Include="State.InPlay.Globals.cpp">
      <Filter>Source Files\Utility</Filter>
    </ClCompile>
    <ClCompile Include="State.InPlay.CrewDetail.Characteristics.cpp">
      <Filter>Source Files\AtSea\Crew Status</Filter>
    </ClCompile>
    <ClCompile Include="Menu.cpp">
      <Filter>Source Files\Utility</Filter>
    </ClCompile>
    <ClCompile Include="State.InPlay.ChangeHeading.cpp">
      <Filter>Source Files\AtSea\Ship Status</Filter>
    </ClCompile>
    <ClCompile Include="State.InPlay.ChangeSpeed.cpp">
      <Filter>Source Files\AtSea\Ship Status</Filter>
    </ClCompile>
    <ClCompile Include="State.InPlay.HeadForKnown.cpp">
      <Filter>Source Files\AtSea\Ship Status</Filter>
    </ClCompile>
    <ClCompile Include="State.InPlay.HeadForNearBy.cpp">
      <Filter>Source Files\AtSea\Ship Status</Filter>
    </ClCompile>
    <ClCompile Include="State.InPlay.ManualHeading.cpp">
      <Filter>Source Files\AtSea\Ship Status</Filter>
    </ClCompile>
    <ClCompile Include="State.InPlay.RenameShipAdjective.cpp">
      <Filter>Source Files\AtSea\Ship Status</Filter>
    </ClCompile>
    <ClCompile Include="State.InPlay.RenameShipNoun.cpp">
      <Filter>Source Files\AtSea\Ship Status</Filter>
    </ClCompile>
    <ClCompile Include="State.InPlay.ShipStatus.cpp">
      <Filter>Source Files\AtSea\Ship Status</Filter>
    </ClCompile>
    <ClCompile Include="State.InPlay.HeadForMark.cpp">
      <Filter>Source Files\AtSea\Ship Status</Filter>
    </ClCompile>
    <ClCompile Include="State.InPlay.MarkCurrentLocation.cpp">
      <Filter>Source Files\AtSea\Ship Status</Filter>
    </ClCompile>
    <ClCompile Include="State.InPlay.ConfirmHeadForMark.cpp">
      <Filter>Source Files\AtSea\Ship Status</Filter>
    </ClCompile>
    <ClCompile Include="State.ChooseProfessionalSkill.cpp">
      <Filter>Source Files\Detailed Start</Filter>
    </ClCompile>
    <ClCompile Include="State.ChooseElectiveSkillCategories.cpp">
      <Filter>Source Files\Detailed Start</Filter>
    </ClCompile>
    <ClCompile Include="State.DetailedStart.cpp">
      <Filter>Source Files\Detailed Start</Filter>
    </ClCompile>
    <ClCompile Include="State.ChooseStartType.cpp">
      <Filter>Source Files\Boilerplate</Filter>
    </ClCompile>
    <ClCompile Include="State.SpendProfessionalSkillPoints.cpp">
      <Filter>Source Files\Detailed Start</Filter>
    </ClCompile>
    <ClCompile Include="State.ChoosePersonalSkill.cpp">
      <Filter>Source Files\Detailed Start</Filter>
    </ClCompile>
    <ClCompile Include="State.SpendPersonalSkillPoints.cpp">
      <Filter>Source Files\Detailed Start</Filter>
    </ClCompile>
    <ClCompile Include="State.ScratchPad.CrewDetail.cpp">
      <Filter>Source Files\ScratchPad</Filter>
    </ClCompile>
    <ClCompile Include="State.ScratchPad.ShipAdjective.cpp">
      <Filter>Source Files\ScratchPad</Filter>
    </ClCompile>
    <ClCompile Include="State.ScratchPad.HeadForMark.cpp">
      <Filter>Source Files\ScratchPad</Filter>
    </ClCompile>
    <ClCompile Include="State.ScratchPad.SelectedSkill.cpp">
      <Filter>Source Files\ScratchPad</Filter>
    </ClCompile>
    <ClCompile Include="State.ScratchPad.DetailedStart.ElectiveSkillCategories.cpp">
      <Filter>Source Files\ScratchPad\Detailed Start</Filter>
    </ClCompile>
    <ClCompile Include="State.ScratchPad.DetailedStart.ProfessionalSkillPointAllocations.cpp">
      <Filter>Source Files\ScratchPad\Detailed Start</Filter>
    </ClCompile>
    <ClCompile Include="State.ScratchPad.DetailedStart.Profession.cpp">
      <Filter>Source Files\ScratchPad\Detailed Start</Filter>
    </ClCompile>
    <ClCompile Include="State.ScratchPad.DetailedStart.PersonalSkillPointAllocations.cpp">
      <Filter>Source Files\ScratchPad\Detailed Start</Filter>
    </ClCompile>
    <ClCompile Include="State.ScratchPad.DetailedStart.ProfessionalSkillSet.cpp">
      <Filter>Source Files\ScratchPad\Detailed Start</Filter>
    </ClCompile>
    <ClCompile Include="State.ScratchPad.IslandDistrict.cpp">
      <Filter>Source Files\ScratchPad</Filter>
    </ClCompile>
    <ClCompile Include="State.InPlay.IslandDistrict.cpp">
      <Filter>Source Files\Docked</Filter>
    </ClCompile>
    <ClCompile Include="State.ScratchPad.IslandFeature.cpp">
      <Filter>Source Files\ScratchPad</Filter>
    </ClCompile>
    <ClCompile Include="State.InPlay.DeliveryService.cpp">
      <Filter>Source Files\Docked\Delivery Service</Filter>
    </ClCompile>
    <ClCompile Include="State.InPlay.DeliveryService.JobList.cpp">
      <Filter>Source Files\Docked\Delivery Service</Filter>
    </ClCompile>
    <ClCompile Include="State.ScratchPad.SelectedDelivery.cpp">
      <Filter>Source Files\ScratchPad</Filter>
    </ClCompile>
    <ClCompile Include="State.InPlay.DeliveryService.JobDetail.cpp">
      <Filter>Source Files\Docked\Delivery Service</Filter>
    </ClCompile>
    <ClCompile Include="State.InPlay.CrewDetail.Deliveries.cpp">
      <Filter>Source Files\AtSea\Crew Status</Filter>
    </ClCompile>
    <ClCompile Include="State.InPlay.CrewDetail.DeliveryDetail.cpp">
      <Filter>Source Files\AtSea\Crew Status</Filter>
    </ClCompile>
    <ClCompile Include="State.InPlay.CrewDetail.ConfirmAbandonDelivery.cpp">
      <Filter>Source Files\AtSea\Crew Status</Filter>
    </ClCompile>
    <ClCompile Include="State.InPlay.DeliveryService.MakeDelivery.cpp">
      <Filter>Source Files\Docked\Delivery Service</Filter>
    </ClCompile>
  </ItemGroup>
</Project>