<?xml version="1.0" encoding="utf-8"?>
<Project ToolsVersion="4.0" xmlns="http://schemas.microsoft.com/developer/msbuild/2003">
  <ItemGroup>
    <Filter Include="Source Files">
      <UniqueIdentifier>{4FC737F1-C7A5-4376-A066-2A32D752A2FF}</UniqueIdentifier>
      <Extensions>cpp;c;cc;cxx;c++;cppm;ixx;def;odl;idl;hpj;bat;asm;asmx</Extensions>
    </Filter>
    <Filter Include="Header Files">
      <UniqueIdentifier>{93995380-89BD-4b04-88EB-625FBE52EBFB}</UniqueIdentifier>
      <Extensions>h;hh;hpp;hxx;h++;hm;inl;inc;ipp;xsd</Extensions>
    </Filter>
    <Filter Include="Source Files\Boilerplate">
      <UniqueIdentifier>{58764755-110e-4ca0-a2ce-11e4bc9e8352}</UniqueIdentifier>
    </Filter>
    <Filter Include="Source Files\AtSea">
      <UniqueIdentifier>{58b0cadb-258f-43c7-88e5-4aa911010249}</UniqueIdentifier>
    </Filter>
    <Filter Include="Source Files\Docked">
      <UniqueIdentifier>{aa5a4966-26d7-41aa-8ad9-9ec4b1e0b1ce}</UniqueIdentifier>
    </Filter>
    <Filter Include="Source Files\Utility">
      <UniqueIdentifier>{8704e9d7-d68c-48c4-9db3-a600a1df95bd}</UniqueIdentifier>
    </Filter>
    <Filter Include="Source Files\Careening">
      <UniqueIdentifier>{babb2734-14a4-4c2b-b9b3-06e706eaf646}</UniqueIdentifier>
    </Filter>
    <Filter Include="Source Files\AtSea\Status">
      <UniqueIdentifier>{2cb8c9b2-d21e-4132-8a44-fafba0ab2c36}</UniqueIdentifier>
    </Filter>
    <Filter Include="Source Files\Docked\Jobs">
      <UniqueIdentifier>{06b5f530-4605-4784-9525-1c6c869b4410}</UniqueIdentifier>
    </Filter>
    <Filter Include="Source Files\Docked\DarkAlley">
      <UniqueIdentifier>{da113126-3d9d-4b41-8493-cd891ba88077}</UniqueIdentifier>
    </Filter>
    <Filter Include="Source Files\Docked\Trading">
      <UniqueIdentifier>{92350df5-07e8-48ad-ba08-feea747d60c6}</UniqueIdentifier>
    </Filter>
  </ItemGroup>
  <ItemGroup>
    <ClInclude Include="States.h">
      <Filter>Header Files</Filter>
    </ClInclude>
    <ClInclude Include="Sublayouts.h">
      <Filter>Header Files</Filter>
    </ClInclude>
    <ClInclude Include="UIState.h">
      <Filter>Header Files</Filter>
    </ClInclude>
    <ClInclude Include="State.Terminal.h">
      <Filter>Header Files</Filter>
    </ClInclude>
    <ClInclude Include="State.About.h">
      <Filter>Header Files</Filter>
    </ClInclude>
    <ClInclude Include="State.ConfirmAbandon.h">
      <Filter>Header Files</Filter>
    </ClInclude>
  </ItemGroup>
  <ItemGroup>
    <ClCompile Include="State.About.cpp">
      <Filter>Source Files\Boilerplate</Filter>
    </ClCompile>
    <ClCompile Include="State.ConfirmAbandon.cpp">
      <Filter>Source Files\Boilerplate</Filter>
    </ClCompile>
    <ClCompile Include="State.ConfirmOverwrite.cpp">
      <Filter>Source Files\Boilerplate</Filter>
    </ClCompile>
    <ClCompile Include="State.ConfirmQuit.cpp">
      <Filter>Source Files\Boilerplate</Filter>
    </ClCompile>
    <ClCompile Include="State.LeavePlay.cpp">
      <Filter>Source Files\Boilerplate</Filter>
    </ClCompile>
    <ClCompile Include="State.LoadGame.cpp">
      <Filter>Source Files\Boilerplate</Filter>
    </ClCompile>
    <ClCompile Include="State.MainMenu.cpp">
      <Filter>Source Files\Boilerplate</Filter>
    </ClCompile>
    <ClCompile Include="State.Options.cpp">
      <Filter>Source Files\Boilerplate</Filter>
    </ClCompile>
    <ClCompile Include="State.SaveGame.cpp">
      <Filter>Source Files\Boilerplate</Filter>
    </ClCompile>
    <ClCompile Include="State.Splash.cpp">
      <Filter>Source Files\Boilerplate</Filter>
    </ClCompile>
    <ClCompile Include="State.StartGame.cpp">
      <Filter>Source Files\Boilerplate</Filter>
    </ClCompile>
    <ClCompile Include="State.Statistics.cpp">
      <Filter>Source Files\Boilerplate</Filter>
    </ClCompile>
    <ClCompile Include="State.Tip.cpp">
      <Filter>Source Files\Boilerplate</Filter>
    </ClCompile>
    <ClCompile Include="Sublayout.UIHamburger.cpp">
      <Filter>Source Files\Boilerplate</Filter>
    </ClCompile>
    <ClCompile Include="State.InPlay.AtSea.AutoMove.cpp">
      <Filter>Source Files\AtSea</Filter>
    </ClCompile>
    <ClCompile Include="State.InPlay.AtSea.cpp">
      <Filter>Source Files\AtSea</Filter>
    </ClCompile>
    <ClCompile Include="Sublayout.AtSeaAvatarStatus.cpp">
      <Filter>Source Files\AtSea</Filter>
    </ClCompile>
    <ClCompile Include="State.InPlay.ChangeSpeed.cpp">
      <Filter>Source Files\AtSea</Filter>
    </ClCompile>
    <ClCompile Include="State.InPlay.WorldMap.cpp">
      <Filter>Source Files\AtSea</Filter>
    </ClCompile>
    <ClCompile Include="State.InPlay.ConfirmAbandonJob.cpp">
      <Filter>Source Files\AtSea</Filter>
    </ClCompile>
    <ClCompile Include="State.InPlay.Docked.cpp">
      <Filter>Source Files\Docked</Filter>
    </ClCompile>
    <ClCompile Include="State.InPlay.Shipyard.cpp">
      <Filter>Source Files\Docked</Filter>
    </ClCompile>
    <ClCompile Include="State.InPlay.Confirm.cpp">
      <Filter>Source Files\Utility</Filter>
    </ClCompile>
    <ClCompile Include="State.InPlay.Lose.cpp">
      <Filter>Source Files\Utility</Filter>
    </ClCompile>
    <ClCompile Include="State.InPlay.Message.cpp">
      <Filter>Source Files\Utility</Filter>
    </ClCompile>
    <ClCompile Include="State.InPlay.Next.cpp">
      <Filter>Source Files\Utility</Filter>
    </ClCompile>
    <ClCompile Include="State.InPlay.Win.cpp">
      <Filter>Source Files\Utility</Filter>
    </ClCompile>
    <ClCompile Include="State.InPlay.AtSeaCareenSelect.cpp">
      <Filter>Source Files\Careening</Filter>
    </ClCompile>
    <ClCompile Include="State.InPlay.CareenedToPort.cpp">
      <Filter>Source Files\Careening</Filter>
    </ClCompile>
    <ClCompile Include="State.InPlay.CareenedToStarboard.cpp">
      <Filter>Source Files\Careening</Filter>
    </ClCompile>
    <ClCompile Include="State.InPlay.Cargo.cpp">
      <Filter>Source Files\AtSea\Status</Filter>
    </ClCompile>
    <ClCompile Include="State.InPlay.ShipStatus.cpp">
      <Filter>Source Files\AtSea\Status</Filter>
    </ClCompile>
    <ClCompile Include="State.InPlay.CurrentJob.cpp">
      <Filter>Source Files\AtSea\Status</Filter>
    </ClCompile>
    <ClCompile Include="State.InPlay.ConfirmReplaceJob.cpp">
      <Filter>Source Files\Docked\Jobs</Filter>
    </ClCompile>
    <ClCompile Include="State.InPlay.IslandJobs.cpp">
      <Filter>Source Files\Docked\Jobs</Filter>
    </ClCompile>
    <ClCompile Include="State.InPlay.DarkAlley.cpp">
      <Filter>Source Files\Docked\DarkAlley</Filter>
    </ClCompile>
    <ClCompile Include="State.InPlay.DarkAlleyEntrance.cpp">
      <Filter>Source Files\Docked\DarkAlley</Filter>
    </ClCompile>
    <ClCompile Include="State.InPlay.GambleFinish.cpp">
      <Filter>Source Files\Docked\DarkAlley</Filter>
    </ClCompile>
    <ClCompile Include="State.InPlay.GambleStart.cpp">
      <Filter>Source Files\Docked\DarkAlley</Filter>
    </ClCompile>
    <ClCompile Include="State.InPlay.IslandBuy.cpp">
      <Filter>Source Files\Docked\Trading</Filter>
    </ClCompile>
    <ClCompile Include="State.InPlay.IslandSell.cpp">
      <Filter>Source Files\Docked\Trading</Filter>
    </ClCompile>
    <ClCompile Include="State.InPlay.IslandTrade.cpp">
      <Filter>Source Files\Docked\Trading</Filter>
    </ClCompile>
    <ClCompile Include="State.InPlay.Temple.cpp">
      <Filter>Source Files\Docked</Filter>
    </ClCompile>
    <ClCompile Include="State.InPlay.MakeOffering.cpp">
      <Filter>Source Files\Docked</Filter>
    </ClCompile>
    <ClCompile Include="State.InPlay.AvatarStatus.cpp">
      <Filter>Source Files\AtSea\Status</Filter>
    </ClCompile>
    <ClCompile Include="Sublayout.AtSeaActions.cpp">
      <Filter>Source Files\AtSea</Filter>
    </ClCompile>
    <ClCompile Include="State.InPlay.Fishing.cpp">
      <Filter>Source Files\AtSea</Filter>
    </ClCompile>
    <ClCompile Include="State.InPlay.Equipment.cpp">
      <Filter>Source Files\AtSea\Status</Filter>
    </ClCompile>
    <ClCompile Include="State.InPlay.CrewList.cpp">
      <Filter>Source Files\AtSea\Status</Filter>
    </ClCompile>
    <ClCompile Include="State.InPlay.CrewDetail.cpp">
      <Filter>Source Files\AtSea\Status</Filter>
    </ClCompile>
    <ClCompile Include="State.Terminal.cpp">
      <Filter>Source Files\Utility</Filter>
    </ClCompile>
    <ClCompile Include="State.InPlay.AtSeaOverview.cpp">
      <Filter>Source Files\AtSea</Filter>
    </ClCompile>
  </ItemGroup>
</Project>