<?xml version="1.0" encoding="utf-8"?>
<Project ToolsVersion="4.0" xmlns="http://schemas.microsoft.com/developer/msbuild/2003">
  <ItemGroup>
    <Filter Include="Source Files">
      <UniqueIdentifier>{4FC737F1-C7A5-4376-A066-2A32D752A2FF}</UniqueIdentifier>
      <Extensions>cpp;c;cc;cxx;c++;cppm;ixx;def;odl;idl;hpj;bat;asm;asmx</Extensions>
    </Filter>
    <Filter Include="Header Files">
      <UniqueIdentifier>{93995380-89BD-4b04-88EB-625FBE52EBFB}</UniqueIdentifier>
      <Extensions>h;hh;hpp;hxx;h++;hm;inl;inc;ipp;xsd</Extensions>
    </Filter>
    <Filter Include="Source Files\Boilerplate">
      <UniqueIdentifier>{58764755-110e-4ca0-a2ce-11e4bc9e8352}</UniqueIdentifier>
    </Filter>
    <Filter Include="Source Files\AtSea">
      <UniqueIdentifier>{58b0cadb-258f-43c7-88e5-4aa911010249}</UniqueIdentifier>
    </Filter>
    <Filter Include="Source Files\Docked">
      <UniqueIdentifier>{aa5a4966-26d7-41aa-8ad9-9ec4b1e0b1ce}</UniqueIdentifier>
    </Filter>
    <Filter Include="Source Files\Utility">
      <UniqueIdentifier>{8704e9d7-d68c-48c4-9db3-a600a1df95bd}</UniqueIdentifier>
    </Filter>
    <Filter Include="Source Files\Careening">
      <UniqueIdentifier>{babb2734-14a4-4c2b-b9b3-06e706eaf646}</UniqueIdentifier>
    </Filter>
    <Filter Include="Source Files\AtSea\Status">
      <UniqueIdentifier>{2cb8c9b2-d21e-4132-8a44-fafba0ab2c36}</UniqueIdentifier>
    </Filter>
    <Filter Include="Source Files\Docked\Jobs">
      <UniqueIdentifier>{06b5f530-4605-4784-9525-1c6c869b4410}</UniqueIdentifier>
    </Filter>
    <Filter Include="Source Files\Docked\DarkAlley">
      <UniqueIdentifier>{da113126-3d9d-4b41-8493-cd891ba88077}</UniqueIdentifier>
    </Filter>
    <Filter Include="Source Files\Docked\Trading">
      <UniqueIdentifier>{92350df5-07e8-48ad-ba08-feea747d60c6}</UniqueIdentifier>
    </Filter>
    <Filter Include="Header Files\Boilerplate">
      <UniqueIdentifier>{61816559-1be1-403a-ba9b-cef652ddda63}</UniqueIdentifier>
    </Filter>
    <Filter Include="Header Files\AtSea">
      <UniqueIdentifier>{cb2a2f10-3d36-48c4-a348-044b38b6ba2d}</UniqueIdentifier>
    </Filter>
    <Filter Include="Header Files\Careening">
      <UniqueIdentifier>{cdd503af-ec05-4893-8241-bd1929f84acd}</UniqueIdentifier>
    </Filter>
    <Filter Include="Header Files\Docked">
      <UniqueIdentifier>{6b5b1717-bfe2-4369-bf91-e8e44e83dcef}</UniqueIdentifier>
    </Filter>
    <Filter Include="Header Files\Utility">
      <UniqueIdentifier>{19434232-c189-416a-a646-4c20f30f8802}</UniqueIdentifier>
    </Filter>
    <Filter Include="Header Files\Deprecated">
      <UniqueIdentifier>{e268361e-736e-4b6a-9f9a-133eea11fd90}</UniqueIdentifier>
    </Filter>
    <Filter Include="Source Files\Deprecated">
      <UniqueIdentifier>{ddafc7a5-4f46-40f6-b9d2-14dc2d821147}</UniqueIdentifier>
    </Filter>
  </ItemGroup>
  <ItemGroup>
    <ClInclude Include="Sublayouts.h">
      <Filter>Header Files</Filter>
    </ClInclude>
    <ClInclude Include="UIState.h">
      <Filter>Header Files</Filter>
    </ClInclude>
    <ClInclude Include="State.About.h">
      <Filter>Header Files\Boilerplate</Filter>
    </ClInclude>
    <ClInclude Include="State.ConfirmAbandon.h">
      <Filter>Header Files\Boilerplate</Filter>
    </ClInclude>
    <ClInclude Include="State.ConfirmOverwrite.h">
      <Filter>Header Files\Boilerplate</Filter>
    </ClInclude>
    <ClInclude Include="State.ConfirmQuit.h">
      <Filter>Header Files\Boilerplate</Filter>
    </ClInclude>
    <ClInclude Include="State.InPlay.AtSeaOverview.h">
      <Filter>Header Files\AtSea</Filter>
    </ClInclude>
    <ClInclude Include="State.InPlay.CareenedToPort.h">
      <Filter>Header Files\Careening</Filter>
    </ClInclude>
    <ClInclude Include="State.InPlay.CareenedToStarboard.h">
      <Filter>Header Files\Careening</Filter>
    </ClInclude>
    <ClInclude Include="State.InPlay.AvatarStatus.h">
      <Filter>Header Files\AtSea</Filter>
    </ClInclude>
    <ClInclude Include="State.InPlay.Cargo.h">
      <Filter>Header Files\AtSea</Filter>
    </ClInclude>
    <ClInclude Include="State.InPlay.Confirm.h">
      <Filter>Header Files\Utility</Filter>
    </ClInclude>
    <ClInclude Include="State.InPlay.ConfirmAbandonJob.h">
      <Filter>Header Files\Utility</Filter>
    </ClInclude>
    <ClInclude Include="State.InPlay.ConfirmReplaceJob.h">
      <Filter>Header Files\Utility</Filter>
    </ClInclude>
    <ClInclude Include="State.InPlay.CrewDetail.h">
      <Filter>Header Files\AtSea</Filter>
    </ClInclude>
    <ClInclude Include="State.InPlay.CrewList.h">
      <Filter>Header Files\AtSea</Filter>
    </ClInclude>
    <ClInclude Include="State.InPlay.CurrentJob.h">
      <Filter>Header Files\AtSea</Filter>
    </ClInclude>
    <ClInclude Include="State.InPlay.DarkAlley.h">
      <Filter>Header Files\Docked</Filter>
    </ClInclude>
    <ClInclude Include="State.InPlay.DarkAlleyEntrance.h">
      <Filter>Header Files\Docked</Filter>
    </ClInclude>
    <ClInclude Include="State.InPlay.Docked.h">
      <Filter>Header Files\Docked</Filter>
    </ClInclude>
    <ClInclude Include="State.InPlay.GambleFinish.h">
      <Filter>Header Files\Docked</Filter>
    </ClInclude>
    <ClInclude Include="State.InPlay.GambleStart.h">
      <Filter>Header Files\Docked</Filter>
    </ClInclude>
    <ClInclude Include="State.InPlay.IslandBuy.h">
      <Filter>Header Files\Docked</Filter>
    </ClInclude>
    <ClInclude Include="State.InPlay.IslandJobs.h">
      <Filter>Header Files\Docked</Filter>
    </ClInclude>
    <ClInclude Include="State.InPlay.IslandSell.h">
      <Filter>Header Files\Docked</Filter>
    </ClInclude>
    <ClInclude Include="State.InPlay.IslandTrade.h">
      <Filter>Header Files\Docked</Filter>
    </ClInclude>
    <ClInclude Include="State.InPlay.MakeOffering.h">
      <Filter>Header Files\Docked</Filter>
    </ClInclude>
    <ClInclude Include="State.InPlay.Shipyard.h">
      <Filter>Header Files\Docked</Filter>
    </ClInclude>
    <ClInclude Include="State.InPlay.Temple.h">
      <Filter>Header Files\Docked</Filter>
    </ClInclude>
    <ClInclude Include="State.InPlay.Equipment.h">
      <Filter>Header Files\AtSea</Filter>
    </ClInclude>
    <ClInclude Include="State.InPlay.Fishing.h">
      <Filter>Header Files\AtSea</Filter>
    </ClInclude>
    <ClInclude Include="State.InPlay.Lose.h">
      <Filter>Header Files\Utility</Filter>
    </ClInclude>
    <ClInclude Include="State.InPlay.Message.h">
      <Filter>Header Files\Utility</Filter>
    </ClInclude>
    <ClInclude Include="State.InPlay.Next.h">
      <Filter>Header Files\Utility</Filter>
    </ClInclude>
    <ClInclude Include="State.InPlay.Win.h">
      <Filter>Header Files\Utility</Filter>
    </ClInclude>
    <ClInclude Include="State.InPlay.ShipStatus.h">
      <Filter>Header Files\AtSea</Filter>
    </ClInclude>
    <ClInclude Include="State.InPlay.WorldMap.h">
      <Filter>Header Files\AtSea</Filter>
    </ClInclude>
    <ClInclude Include="State.LeavePlay.h">
      <Filter>Header Files\Boilerplate</Filter>
    </ClInclude>
    <ClInclude Include="State.LoadGame.h">
      <Filter>Header Files\Boilerplate</Filter>
    </ClInclude>
    <ClInclude Include="State.MainMenu.h">
      <Filter>Header Files\Boilerplate</Filter>
    </ClInclude>
    <ClInclude Include="State.Options.h">
      <Filter>Header Files\Boilerplate</Filter>
    </ClInclude>
    <ClInclude Include="State.SaveGame.h">
      <Filter>Header Files\Boilerplate</Filter>
    </ClInclude>
    <ClInclude Include="State.Splash.h">
      <Filter>Header Files\Boilerplate</Filter>
    </ClInclude>
    <ClInclude Include="State.StartGame.h">
      <Filter>Header Files\Boilerplate</Filter>
    </ClInclude>
    <ClInclude Include="State.Statistics.h">
      <Filter>Header Files\Boilerplate</Filter>
    </ClInclude>
    <ClInclude Include="State.Terminal.h">
      <Filter>Header Files\Boilerplate</Filter>
    </ClInclude>
    <ClInclude Include="State.Tip.h">
      <Filter>Header Files\Boilerplate</Filter>
    </ClInclude>
    <ClInclude Include="State.InPlay.AtSeaDeprecated.h">
      <Filter>Header Files\Deprecated</Filter>
    </ClInclude>
    <ClInclude Include="State.InPlay.ChangeSpeed.h">
      <Filter>Header Files\AtSea</Filter>
    </ClInclude>
    <ClInclude Include="State.InPlay.ChangeHeading.h">
      <Filter>Header Files\AtSea</Filter>
    </ClInclude>
    <ClInclude Include="State.InPlay.ManualHeading.h">
      <Filter>Header Files\AtSea</Filter>
    </ClInclude>
    <ClInclude Include="State.InPlay.DockOrCareen.h">
      <Filter>Header Files\AtSea</Filter>
    </ClInclude>
    <ClInclude Include="State.InPlay.HeadForNearBy.h">
      <Filter>Header Files\AtSea</Filter>
    </ClInclude>
    <ClInclude Include="State.InPlay.HeadForKnown.h">
      <Filter>Header Files\AtSea</Filter>
    </ClInclude>
  </ItemGroup>
  <ItemGroup>
    <ClCompile Include="State.About.cpp">
      <Filter>Source Files\Boilerplate</Filter>
    </ClCompile>
    <ClCompile Include="State.ConfirmAbandon.cpp">
      <Filter>Source Files\Boilerplate</Filter>
    </ClCompile>
    <ClCompile Include="State.ConfirmOverwrite.cpp">
      <Filter>Source Files\Boilerplate</Filter>
    </ClCompile>
    <ClCompile Include="State.ConfirmQuit.cpp">
      <Filter>Source Files\Boilerplate</Filter>
    </ClCompile>
    <ClCompile Include="State.LeavePlay.cpp">
      <Filter>Source Files\Boilerplate</Filter>
    </ClCompile>
    <ClCompile Include="State.LoadGame.cpp">
      <Filter>Source Files\Boilerplate</Filter>
    </ClCompile>
    <ClCompile Include="State.MainMenu.cpp">
      <Filter>Source Files\Boilerplate</Filter>
    </ClCompile>
    <ClCompile Include="State.Options.cpp">
      <Filter>Source Files\Boilerplate</Filter>
    </ClCompile>
    <ClCompile Include="State.SaveGame.cpp">
      <Filter>Source Files\Boilerplate</Filter>
    </ClCompile>
    <ClCompile Include="State.Splash.cpp">
      <Filter>Source Files\Boilerplate</Filter>
    </ClCompile>
    <ClCompile Include="State.StartGame.cpp">
      <Filter>Source Files\Boilerplate</Filter>
    </ClCompile>
    <ClCompile Include="State.Statistics.cpp">
      <Filter>Source Files\Boilerplate</Filter>
    </ClCompile>
    <ClCompile Include="State.Tip.cpp">
      <Filter>Source Files\Boilerplate</Filter>
    </ClCompile>
    <ClCompile Include="Sublayout.UIHamburger.cpp">
      <Filter>Source Files\Boilerplate</Filter>
    </ClCompile>
    <ClCompile Include="State.InPlay.WorldMap.cpp">
      <Filter>Source Files\AtSea</Filter>
    </ClCompile>
    <ClCompile Include="State.InPlay.ConfirmAbandonJob.cpp">
      <Filter>Source Files\AtSea</Filter>
    </ClCompile>
    <ClCompile Include="State.InPlay.Docked.cpp">
      <Filter>Source Files\Docked</Filter>
    </ClCompile>
    <ClCompile Include="State.InPlay.Shipyard.cpp">
      <Filter>Source Files\Docked</Filter>
    </ClCompile>
    <ClCompile Include="State.InPlay.Confirm.cpp">
      <Filter>Source Files\Utility</Filter>
    </ClCompile>
    <ClCompile Include="State.InPlay.Lose.cpp">
      <Filter>Source Files\Utility</Filter>
    </ClCompile>
    <ClCompile Include="State.InPlay.Message.cpp">
      <Filter>Source Files\Utility</Filter>
    </ClCompile>
    <ClCompile Include="State.InPlay.Next.cpp">
      <Filter>Source Files\Utility</Filter>
    </ClCompile>
    <ClCompile Include="State.InPlay.Win.cpp">
      <Filter>Source Files\Utility</Filter>
    </ClCompile>
    <ClCompile Include="State.InPlay.CareenedToPort.cpp">
      <Filter>Source Files\Careening</Filter>
    </ClCompile>
    <ClCompile Include="State.InPlay.CareenedToStarboard.cpp">
      <Filter>Source Files\Careening</Filter>
    </ClCompile>
    <ClCompile Include="State.InPlay.Cargo.cpp">
      <Filter>Source Files\AtSea\Status</Filter>
    </ClCompile>
    <ClCompile Include="State.InPlay.CurrentJob.cpp">
      <Filter>Source Files\AtSea\Status</Filter>
    </ClCompile>
    <ClCompile Include="State.InPlay.ConfirmReplaceJob.cpp">
      <Filter>Source Files\Docked\Jobs</Filter>
    </ClCompile>
    <ClCompile Include="State.InPlay.IslandJobs.cpp">
      <Filter>Source Files\Docked\Jobs</Filter>
    </ClCompile>
    <ClCompile Include="State.InPlay.DarkAlley.cpp">
      <Filter>Source Files\Docked\DarkAlley</Filter>
    </ClCompile>
    <ClCompile Include="State.InPlay.DarkAlleyEntrance.cpp">
      <Filter>Source Files\Docked\DarkAlley</Filter>
    </ClCompile>
    <ClCompile Include="State.InPlay.GambleFinish.cpp">
      <Filter>Source Files\Docked\DarkAlley</Filter>
    </ClCompile>
    <ClCompile Include="State.InPlay.GambleStart.cpp">
      <Filter>Source Files\Docked\DarkAlley</Filter>
    </ClCompile>
    <ClCompile Include="State.InPlay.IslandBuy.cpp">
      <Filter>Source Files\Docked\Trading</Filter>
    </ClCompile>
    <ClCompile Include="State.InPlay.IslandSell.cpp">
      <Filter>Source Files\Docked\Trading</Filter>
    </ClCompile>
    <ClCompile Include="State.InPlay.IslandTrade.cpp">
      <Filter>Source Files\Docked\Trading</Filter>
    </ClCompile>
    <ClCompile Include="State.InPlay.Temple.cpp">
      <Filter>Source Files\Docked</Filter>
    </ClCompile>
    <ClCompile Include="State.InPlay.MakeOffering.cpp">
      <Filter>Source Files\Docked</Filter>
    </ClCompile>
    <ClCompile Include="State.InPlay.AvatarStatus.cpp">
      <Filter>Source Files\AtSea\Status</Filter>
    </ClCompile>
    <ClCompile Include="State.InPlay.Fishing.cpp">
      <Filter>Source Files\AtSea</Filter>
    </ClCompile>
    <ClCompile Include="State.InPlay.Equipment.cpp">
      <Filter>Source Files\AtSea\Status</Filter>
    </ClCompile>
    <ClCompile Include="State.InPlay.CrewList.cpp">
      <Filter>Source Files\AtSea\Status</Filter>
    </ClCompile>
    <ClCompile Include="State.InPlay.CrewDetail.cpp">
      <Filter>Source Files\AtSea\Status</Filter>
    </ClCompile>
    <ClCompile Include="State.Terminal.cpp">
      <Filter>Source Files\Utility</Filter>
    </ClCompile>
    <ClCompile Include="State.InPlay.AtSeaOverview.cpp">
      <Filter>Source Files\AtSea</Filter>
    </ClCompile>
    <ClCompile Include="State.InPlay.ShipStatus.cpp">
      <Filter>Source Files\AtSea</Filter>
    </ClCompile>
    <ClCompile Include="State.InPlay.AtSea.AutoMove.cpp">
      <Filter>Source Files\Deprecated</Filter>
    </ClCompile>
    <ClCompile Include="State.InPlay.AtSeaDeprecated.cpp">
      <Filter>Source Files\Deprecated</Filter>
    </ClCompile>
    <ClCompile Include="Sublayout.AtSeaActions.cpp">
      <Filter>Source Files\Deprecated</Filter>
    </ClCompile>
    <ClCompile Include="Sublayout.AtSeaAvatarStatus.cpp">
      <Filter>Source Files\Deprecated</Filter>
    </ClCompile>
    <ClCompile Include="State.InPlay.ChangeSpeed.cpp">
      <Filter>Source Files\AtSea</Filter>
    </ClCompile>
    <ClCompile Include="State.InPlay.ChangeHeading.cpp">
      <Filter>Source Files\AtSea</Filter>
    </ClCompile>
    <ClCompile Include="State.InPlay.ManualHeading.cpp">
      <Filter>Source Files\AtSea</Filter>
    </ClCompile>
    <ClCompile Include="State.InPlay.DockOrCareen.cpp">
      <Filter>Source Files\AtSea</Filter>
    </ClCompile>
    <ClCompile Include="State.InPlay.HeadForNearBy.cpp">
      <Filter>Source Files\AtSea</Filter>
    </ClCompile>
    <ClCompile Include="State.InPlay.HeadForKnown.cpp">
      <Filter>Source Files\AtSea</Filter>
    </ClCompile>
  </ItemGroup>
</Project>