<?xml version="1.0" encoding="utf-8"?>
<Project ToolsVersion="4.0" xmlns="http://schemas.microsoft.com/developer/msbuild/2003">
  <ItemGroup>
    <Filter Include="Source Files">
      <UniqueIdentifier>{4FC737F1-C7A5-4376-A066-2A32D752A2FF}</UniqueIdentifier>
      <Extensions>cpp;c;cc;cxx;c++;cppm;ixx;def;odl;idl;hpj;bat;asm;asmx</Extensions>
    </Filter>
    <Filter Include="Header Files">
      <UniqueIdentifier>{93995380-89BD-4b04-88EB-625FBE52EBFB}</UniqueIdentifier>
      <Extensions>h;hh;hpp;hxx;h++;hm;inl;inc;ipp;xsd</Extensions>
    </Filter>
  </ItemGroup>
  <ItemGroup>
    <ClInclude Include="Command.h">
      <Filter>Header Files</Filter>
    </ClInclude>
    <ClInclude Include="MouseButton.h">
      <Filter>Header Files</Filter>
    </ClInclude>
    <ClInclude Include="Application.Command.h">
      <Filter>Header Files</Filter>
    </ClInclude>
    <ClInclude Include="Application.Handlers.h">
      <Filter>Header Files</Filter>
    </ClInclude>
    <ClInclude Include="Application.MouseButtonUp.h">
      <Filter>Header Files</Filter>
    </ClInclude>
    <ClInclude Include="Application.MouseMotion.h">
      <Filter>Header Files</Filter>
    </ClInclude>
    <ClInclude Include="Application.OnEnter.h">
      <Filter>Header Files</Filter>
    </ClInclude>
    <ClInclude Include="Application.Renderer.h">
      <Filter>Header Files</Filter>
    </ClInclude>
    <ClInclude Include="Application.UIState.h">
      <Filter>Header Files</Filter>
    </ClInclude>
    <ClInclude Include="Application.Update.h">
      <Filter>Header Files</Filter>
    </ClInclude>
    <ClInclude Include="Application.Engine.h">
      <Filter>Header Files</Filter>
    </ClInclude>
    <ClInclude Include="Application.Keyboard.h">
      <Filter>Header Files</Filter>
    </ClInclude>
    <ClInclude Include="Application.Options.h">
      <Filter>Header Files</Filter>
    </ClInclude>
    <ClInclude Include="Application.TextInput.h">
      <Filter>Header Files</Filter>
    </ClInclude>
    <ClInclude Include="Application.Platform.h">
      <Filter>Header Files</Filter>
    </ClInclude>
  </ItemGroup>
  <ItemGroup>
    <ClCompile Include="Application.Command.cpp">
      <Filter>Source Files</Filter>
    </ClCompile>
    <ClCompile Include="Application.MouseButtonUp.cpp">
      <Filter>Source Files</Filter>
    </ClCompile>
    <ClCompile Include="Application.MouseMotion.cpp">
      <Filter>Source Files</Filter>
    </ClCompile>
    <ClCompile Include="Application.OnEnter.cpp">
      <Filter>Source Files</Filter>
    </ClCompile>
    <ClCompile Include="Application.UIState.cpp">
      <Filter>Source Files</Filter>
    </ClCompile>
    <ClCompile Include="Application.Update.cpp">
      <Filter>Source Files</Filter>
    </ClCompile>
    <ClCompile Include="Application.Engine.cpp">
      <Filter>Source Files</Filter>
    </ClCompile>
    <ClCompile Include="Application.Renderer.cpp">
      <Filter>Source Files</Filter>
    </ClCompile>
    <ClCompile Include="Application.cpp">
      <Filter>Source Files</Filter>
    </ClCompile>
    <ClCompile Include="Application.Keyboard.cpp">
      <Filter>Source Files</Filter>
    </ClCompile>
    <ClCompile Include="Application.Options.cpp">
      <Filter>Source Files</Filter>
    </ClCompile>
    <ClCompile Include="Application.TextInput.cpp">
      <Filter>Source Files</Filter>
    </ClCompile>
  </ItemGroup>
</Project>