<?xml version="1.0" encoding="utf-8"?>
<Project ToolsVersion="4.0" xmlns="http://schemas.microsoft.com/developer/msbuild/2003">
  <ItemGroup>
    <Filter Include="Source Files">
      <UniqueIdentifier>{4FC737F1-C7A5-4376-A066-2A32D752A2FF}</UniqueIdentifier>
      <Extensions>cpp;c;cc;cxx;c++;cppm;ixx;def;odl;idl;hpj;bat;asm;asmx</Extensions>
    </Filter>
    <Filter Include="Header Files">
      <UniqueIdentifier>{93995380-89BD-4b04-88EB-625FBE52EBFB}</UniqueIdentifier>
      <Extensions>h;hh;hpp;hxx;h++;hm;inl;inc;ipp;xsd</Extensions>
    </Filter>
    <Filter Include="Header Files\Audio">
      <UniqueIdentifier>{ed7134ca-fe86-4c03-a54c-82c6b078941a}</UniqueIdentifier>
    </Filter>
    <Filter Include="Header Files\Utility">
      <UniqueIdentifier>{73f30f16-ac81-43ca-acb5-364e21d57893}</UniqueIdentifier>
    </Filter>
    <Filter Include="Header Files\Session">
      <UniqueIdentifier>{32cfb385-1f2c-42c2-9e4c-1ec1493e87e6}</UniqueIdentifier>
    </Filter>
    <Filter Include="Source Files\Session">
      <UniqueIdentifier>{e7849dd6-5ff4-4f56-8ec8-0103a081c30c}</UniqueIdentifier>
    </Filter>
    <Filter Include="Header Files\Session\Character">
      <UniqueIdentifier>{eb9f596a-602c-4342-a8c7-7e8167f56e8a}</UniqueIdentifier>
    </Filter>
    <Filter Include="Header Files\Session\Island">
      <UniqueIdentifier>{8a0c350c-6536-4d13-9090-c8bace4f1568}</UniqueIdentifier>
    </Filter>
    <Filter Include="Header Files\Session\Item">
      <UniqueIdentifier>{e13ac23c-6b05-42c3-ab20-00864d52740e}</UniqueIdentifier>
    </Filter>
    <Filter Include="Header Files\Session\Ship">
      <UniqueIdentifier>{9ce119fe-5471-45a3-903c-6e935cd20e6c}</UniqueIdentifier>
    </Filter>
    <Filter Include="Header Files\Session\World">
      <UniqueIdentifier>{9b6d2b8e-6b0f-46d4-b269-1fb739c02069}</UniqueIdentifier>
    </Filter>
    <Filter Include="Source Files\Session\Character">
      <UniqueIdentifier>{967f9481-c5ce-4c8b-928c-aae6af4cb2a5}</UniqueIdentifier>
    </Filter>
    <Filter Include="Source Files\Session\Island">
      <UniqueIdentifier>{3a6a2755-9025-47d0-b027-52fb062b1fde}</UniqueIdentifier>
    </Filter>
    <Filter Include="Source Files\Session\Item">
      <UniqueIdentifier>{0c960a3a-f2ad-49f6-90d9-1499e2f83c6c}</UniqueIdentifier>
    </Filter>
    <Filter Include="Source Files\Session\Ship">
      <UniqueIdentifier>{6aa51fb7-911f-4612-a578-7f6d4bed47a0}</UniqueIdentifier>
    </Filter>
    <Filter Include="Source Files\Session\World">
      <UniqueIdentifier>{b7465420-c047-4464-aaf2-4e8c5057fa86}</UniqueIdentifier>
    </Filter>
    <Filter Include="Header Files\Session\Demigod">
      <UniqueIdentifier>{4f53863b-1dc0-4d25-8ce4-016183a97ae6}</UniqueIdentifier>
    </Filter>
    <Filter Include="Source Files\Session\Demigod">
      <UniqueIdentifier>{01785989-2bbb-48f4-a868-8264df2302e4}</UniqueIdentifier>
    </Filter>
    <Filter Include="Header Files\Session\Saves">
      <UniqueIdentifier>{2b817d04-d723-4f48-a357-a57a0cc59391}</UniqueIdentifier>
    </Filter>
    <Filter Include="Source Files\Session\Saves">
      <UniqueIdentifier>{0cb6ac6f-493f-4455-86c5-a4fca343dcff}</UniqueIdentifier>
    </Filter>
    <Filter Include="Header Files\Session\Commodity">
      <UniqueIdentifier>{27fa31a9-8c34-410f-92ec-90cc05940608}</UniqueIdentifier>
    </Filter>
    <Filter Include="Source Files\Session\Commodity">
      <UniqueIdentifier>{8459a7f5-66bc-476f-bf46-fcd836f84e5f}</UniqueIdentifier>
    </Filter>
    <Filter Include="Header Files\Enums">
      <UniqueIdentifier>{d6bad619-809b-411f-882f-5b3c54604ef6}</UniqueIdentifier>
    </Filter>
    <Filter Include="Header Files\Session\World\Calendar">
      <UniqueIdentifier>{d00956d9-dcfb-4f89-ab56-9f444d1636df}</UniqueIdentifier>
    </Filter>
    <Filter Include="Header Files\Session\Tribe">
      <UniqueIdentifier>{1cff355f-8324-413f-8bb5-65ea3e12845e}</UniqueIdentifier>
    </Filter>
    <Filter Include="Source Files\Session\Tribe">
      <UniqueIdentifier>{27514cff-e544-4f34-9a2a-fadf98f5fa41}</UniqueIdentifier>
    </Filter>
    <Filter Include="Source Files\Session\Character\Characteristic">
      <UniqueIdentifier>{8c7af976-7193-4b98-9c70-998e3a46ff0b}</UniqueIdentifier>
    </Filter>
    <Filter Include="Source Files\Session\Character\Counter">
      <UniqueIdentifier>{c504ca88-6dcf-411e-ae57-efc8cd8b26e0}</UniqueIdentifier>
    </Filter>
    <Filter Include="Source Files\Session\Character\Flag">
      <UniqueIdentifier>{a83f0430-af35-4560-82a4-eec905320536}</UniqueIdentifier>
    </Filter>
    <Filter Include="Source Files\Session\Character\Plight">
      <UniqueIdentifier>{baef431e-a98d-46be-abb0-4718100623a8}</UniqueIdentifier>
    </Filter>
    <Filter Include="Source Files\Session\Character\KnownIsland">
      <UniqueIdentifier>{00cc2bef-512b-4040-81be-6d29dfe1836f}</UniqueIdentifier>
    </Filter>
    <Filter Include="Source Files\Utility">
      <UniqueIdentifier>{9e9c9d53-3833-4953-851a-3d7f0a7123c4}</UniqueIdentifier>
    </Filter>
    <Filter Include="Header Files\Session\World\ShipType">
      <UniqueIdentifier>{b7eb14a4-4f9d-4a39-a5e6-66bbbd6237e5}</UniqueIdentifier>
    </Filter>
    <Filter Include="Header Files\Session\Character\Characteristic">
      <UniqueIdentifier>{ab075171-7b8d-4967-bdec-215f8921526d}</UniqueIdentifier>
    </Filter>
    <Filter Include="Header Files\Session\Character\Counter">
      <UniqueIdentifier>{7aeda261-fd33-426c-8810-e18d78896ce3}</UniqueIdentifier>
    </Filter>
    <Filter Include="Header Files\Session\Character\Flag">
      <UniqueIdentifier>{ad1e58c1-14c4-4ac5-84b9-9b963e1e52e5}</UniqueIdentifier>
    </Filter>
    <Filter Include="Header Files\Session\Character\KnownIsland">
      <UniqueIdentifier>{bd4a3828-f001-4679-8913-5ece4d8b1f42}</UniqueIdentifier>
    </Filter>
    <Filter Include="Header Files\Session\Character\Plight">
      <UniqueIdentifier>{a9123926-e745-46f9-9a5a-e8199a5dddf4}</UniqueIdentifier>
    </Filter>
    <Filter Include="Header Files\Session\Item\Commodity">
      <UniqueIdentifier>{a017e137-59db-4bb7-97b9-bd25defcf6d2}</UniqueIdentifier>
    </Filter>
    <Filter Include="Header Files\Session\Item\Type">
      <UniqueIdentifier>{7fbffcff-df80-4e29-bb0e-73dce4b0c159}</UniqueIdentifier>
    </Filter>
    <Filter Include="Source Files\Session\Item\Commodity">
      <UniqueIdentifier>{6f49b121-856f-4e0c-ac7d-7c43733bf323}</UniqueIdentifier>
    </Filter>
    <Filter Include="Source Files\Session\Item\Type">
      <UniqueIdentifier>{2bdfe414-3be4-4cc2-8589-529cd10eb33d}</UniqueIdentifier>
    </Filter>
    <Filter Include="Header Files\Session\Ship\Berth">
      <UniqueIdentifier>{86d68402-7502-40f6-9290-f2d4aba4e694}</UniqueIdentifier>
    </Filter>
    <Filter Include="Header Files\Session\Ship\Island">
      <UniqueIdentifier>{193e49a6-2e8c-4060-800b-1c89dfb964be}</UniqueIdentifier>
    </Filter>
    <Filter Include="Source Files\Session\Ship\Berth">
      <UniqueIdentifier>{0a86e5f3-f59a-4895-9055-2707b78c7e42}</UniqueIdentifier>
    </Filter>
    <Filter Include="Source Files\Session\Ship\Island">
      <UniqueIdentifier>{5faefe41-33f5-4e0d-95f2-adeb3fa702aa}</UniqueIdentifier>
    </Filter>
    <Filter Include="Source Files\Session\World\Calendar">
      <UniqueIdentifier>{bf345ea2-3cd9-4ccf-bcd1-aec1302a92bc}</UniqueIdentifier>
    </Filter>
    <Filter Include="Source Files\Session\World\ShipType">
      <UniqueIdentifier>{44f41e36-1992-45bf-a7fa-2d756ba3020b}</UniqueIdentifier>
    </Filter>
    <Filter Include="Header Files\Session\Character\Mark">
      <UniqueIdentifier>{935f3717-92ad-45e3-9a99-38ac85325621}</UniqueIdentifier>
    </Filter>
    <Filter Include="Source Files\Session\Character\Mark">
      <UniqueIdentifier>{b0c756e8-e143-45ee-93a0-f71fa307fa81}</UniqueIdentifier>
    </Filter>
    <Filter Include="Header Files\Session\World\Profession">
      <UniqueIdentifier>{de01765e-592b-4325-9796-ff95576aaa95}</UniqueIdentifier>
    </Filter>
    <Filter Include="Source Files\Session\World\Profession">
      <UniqueIdentifier>{4c250618-abc9-46fd-9b8e-e07231391206}</UniqueIdentifier>
    </Filter>
    <Filter Include="Source Files\Session\SkillCategory">
      <UniqueIdentifier>{70ea0bdc-8221-4d04-bf66-5014ba2e7e7e}</UniqueIdentifier>
    </Filter>
    <Filter Include="Header Files\Session\SkillCategory">
      <UniqueIdentifier>{5ce9fdf5-13d3-426c-906b-a2f266db356c}</UniqueIdentifier>
    </Filter>
    <Filter Include="Source Files\Session\Island\Market">
      <UniqueIdentifier>{8cb2281d-ae86-47c4-87ef-d880cee4fccf}</UniqueIdentifier>
    </Filter>
    <Filter Include="Header Files\Session\Island\Feature">
      <UniqueIdentifier>{42439d30-3749-4d53-ac28-b1b0ef902b37}</UniqueIdentifier>
    </Filter>
    <Filter Include="Header Files\Session\Island\District">
      <UniqueIdentifier>{46b6717c-4541-4d4d-8977-c2769a90af1a}</UniqueIdentifier>
    </Filter>
    <Filter Include="Header Files\Session\Island\Market">
      <UniqueIdentifier>{52d25e23-b20d-43c7-b0db-082124ad9c28}</UniqueIdentifier>
    </Filter>
    <Filter Include="Source Files\Session\Island\District">
      <UniqueIdentifier>{12a73592-375e-4e42-9167-dafe9329271d}</UniqueIdentifier>
    </Filter>
    <Filter Include="Source Files\Session\Island\Feature">
      <UniqueIdentifier>{c693191e-d029-4686-90b1-6067a38e8d2c}</UniqueIdentifier>
    </Filter>
    <Filter Include="Source Files\Session\Island\Feature\Delivery Service">
      <UniqueIdentifier>{a00db994-3b56-44a2-a14b-1b041cab9e88}</UniqueIdentifier>
    </Filter>
    <Filter Include="Header Files\Session\Island\Feature\Delivery Service">
      <UniqueIdentifier>{ea51361b-b3dc-4d10-88d2-32ee559cf8c6}</UniqueIdentifier>
    </Filter>
    <Filter Include="Header Files\Session\Character\Delivery">
      <UniqueIdentifier>{ad427bbe-864b-4677-89c9-4e181855e035}</UniqueIdentifier>
    </Filter>
    <Filter Include="Source Files\Session\Character\Delivery">
      <UniqueIdentifier>{b6a2a4ec-56a8-4729-a901-40125f6cbeea}</UniqueIdentifier>
    </Filter>
    <Filter Include="Header Files\Session\Delivery">
      <UniqueIdentifier>{0ed1b026-7cc8-47a7-9896-02479394b673}</UniqueIdentifier>
    </Filter>
    <Filter Include="Source Files\Session\Delivery">
      <UniqueIdentifier>{00421ea6-87ed-4d88-8ac8-b07e41954801}</UniqueIdentifier>
    </Filter>
  </ItemGroup>
  <ItemGroup>
    <ClInclude Include="Game.Audio.Mux.h">
      <Filter>Header Files\Audio</Filter>
    </ClInclude>
    <ClInclude Include="Game.Audio.Sfx.h">
      <Filter>Header Files\Audio</Filter>
    </ClInclude>
    <ClInclude Include="Game.Difficulty.h">
      <Filter>Header Files\Utility</Filter>
    </ClInclude>
    <ClInclude Include="Game.Colors.h">
      <Filter>Header Files\Utility</Filter>
    </ClInclude>
    <ClInclude Include="Game.Audio.GameSfx.h">
      <Filter>Header Files\Audio</Filter>
    </ClInclude>
    <ClInclude Include="Game.Audio.Theme.h">
      <Filter>Header Files\Audio</Filter>
    </ClInclude>
    <ClInclude Include="Game.Session.h">
      <Filter>Header Files\Session</Filter>
    </ClInclude>
    <ClInclude Include="Game.Session.Character.Berth.h">
      <Filter>Header Files\Session\Character</Filter>
    </ClInclude>
    <ClInclude Include="Game.Session.Character.h">
      <Filter>Header Files\Session\Character</Filter>
    </ClInclude>
    <ClInclude Include="Game.Session.Character.Messages.h">
      <Filter>Header Files\Session\Character</Filter>
    </ClInclude>
    <ClInclude Include="Game.Session.Island.h">
      <Filter>Header Files\Session\Island</Filter>
    </ClInclude>
    <ClInclude Include="Game.Session.Ship.h">
      <Filter>Header Files\Session\Ship</Filter>
    </ClInclude>
    <ClInclude Include="Game.Session.World.h">
      <Filter>Header Files\Session\World</Filter>
    </ClInclude>
    <ClInclude Include="Game.Session.World.Wind.h">
      <Filter>Header Files\Session\World</Filter>
    </ClInclude>
    <ClInclude Include="Game.Session.Characters.h">
      <Filter>Header Files\Session\Character</Filter>
    </ClInclude>
    <ClInclude Include="Game.Session.Ships.h">
      <Filter>Header Files\Session\Ship</Filter>
    </ClInclude>
    <ClInclude Include="Game.Session.Demigods.h">
      <Filter>Header Files\Session\Demigod</Filter>
    </ClInclude>
    <ClInclude Include="Game.Session.Saves.h">
      <Filter>Header Files\Session\Saves</Filter>
    </ClInclude>
    <ClInclude Include="Game.Session.Save.h">
      <Filter>Header Files\Session\Saves</Filter>
    </ClInclude>
    <ClInclude Include="Game.Session.Player.h">
      <Filter>Header Files\Session</Filter>
    </ClInclude>
    <ClInclude Include="Game.Session.World.Bounds.h">
      <Filter>Header Files\Session\World</Filter>
    </ClInclude>
    <ClInclude Include="Game.Session.World.Distances.h">
      <Filter>Header Files\Session\World</Filter>
    </ClInclude>
    <ClInclude Include="Game.Session.Commodities.h">
      <Filter>Header Files\Session\Commodity</Filter>
    </ClInclude>
    <ClInclude Include="Game.Session.Commodity.h">
      <Filter>Header Files\Session\Commodity</Filter>
    </ClInclude>
    <ClInclude Include="Game.Session.World.Calendar.h">
      <Filter>Header Files\Session\World\Calendar</Filter>
    </ClInclude>
    <ClInclude Include="Game.Session.World.Calendar.Month.h">
      <Filter>Header Files\Session\World\Calendar</Filter>
    </ClInclude>
    <ClInclude Include="Game.Session.World.Calendar.Months.h">
      <Filter>Header Files\Session\World\Calendar</Filter>
    </ClInclude>
    <ClInclude Include="Game.Session.Tribe.h">
      <Filter>Header Files\Session\Tribe</Filter>
    </ClInclude>
    <ClInclude Include="Game.Session.Tribes.h">
      <Filter>Header Files\Session\Tribe</Filter>
    </ClInclude>
    <ClInclude Include="Game.Session.World.Islands.h">
      <Filter>Header Files\Session\World</Filter>
    </ClInclude>
    <ClInclude Include="Game.Session.Demigod.h">
      <Filter>Header Files\Session\Demigod</Filter>
    </ClInclude>
    <ClInclude Include="Game.BerthType.h">
      <Filter>Header Files\Enums</Filter>
    </ClInclude>
    <ClInclude Include="Game.Characteristic.h">
      <Filter>Header Files\Enums</Filter>
    </ClInclude>
    <ClInclude Include="Game.Characters.Counter.h">
      <Filter>Header Files\Enums</Filter>
    </ClInclude>
    <ClInclude Include="Game.Characters.Flag.h">
      <Filter>Header Files\Enums</Filter>
    </ClInclude>
    <ClInclude Include="Game.Characters.Message.h">
      <Filter>Header Files\Utility</Filter>
    </ClInclude>
    <ClInclude Include="Game.Characters.Plight.h">
      <Filter>Header Files\Enums</Filter>
    </ClInclude>
    <ClInclude Include="Game.Characters.PlightType.h">
      <Filter>Header Files\Enums</Filter>
    </ClInclude>
    <ClInclude Include="Game.Commodity.h">
      <Filter>Header Files\Enums</Filter>
    </ClInclude>
    <ClInclude Include="Game.Ship.State.h">
      <Filter>Header Files\Enums</Filter>
    </ClInclude>
    <ClInclude Include="Game.ShipNames.h">
      <Filter>Header Files\Utility</Filter>
    </ClInclude>
    <ClInclude Include="Game.ShipType.h">
      <Filter>Header Files\Enums</Filter>
    </ClInclude>
    <ClInclude Include="Game.Side.h">
      <Filter>Header Files\Enums</Filter>
    </ClInclude>
    <ClInclude Include="Game.SkillCategory.h">
      <Filter>Header Files\Enums</Filter>
    </ClInclude>
    <ClInclude Include="Game.Ship.Property.h">
      <Filter>Header Files\Enums</Filter>
    </ClInclude>
    <ClInclude Include="Game.Item.Category.h">
      <Filter>Header Files\Enums</Filter>
    </ClInclude>
    <ClInclude Include="Game.Session.World.ShipType.Commodities.h">
      <Filter>Header Files\Session\World\ShipType</Filter>
    </ClInclude>
    <ClInclude Include="Game.Session.World.ShipType.Commodity.h">
      <Filter>Header Files\Session\World\ShipType</Filter>
    </ClInclude>
    <ClInclude Include="Game.Session.World.ShipType.h">
      <Filter>Header Files\Session\World\ShipType</Filter>
    </ClInclude>
    <ClInclude Include="Game.Session.World.ShipTypes.h">
      <Filter>Header Files\Session\World\ShipType</Filter>
    </ClInclude>
    <ClInclude Include="Game.Session.World.Skills.h">
      <Filter>Header Files\Session\World</Filter>
    </ClInclude>
    <ClInclude Include="Game.Session.Character.Characteristic.h">
      <Filter>Header Files\Session\Character\Characteristic</Filter>
    </ClInclude>
    <ClInclude Include="Game.Session.Character.Characteristics.h">
      <Filter>Header Files\Session\Character\Characteristic</Filter>
    </ClInclude>
    <ClInclude Include="Game.Session.Character.Counter.h">
      <Filter>Header Files\Session\Character\Counter</Filter>
    </ClInclude>
    <ClInclude Include="Game.Session.Character.Counters.h">
      <Filter>Header Files\Session\Character\Counter</Filter>
    </ClInclude>
    <ClInclude Include="Game.Session.Character.Flag.h">
      <Filter>Header Files\Session\Character\Flag</Filter>
    </ClInclude>
    <ClInclude Include="Game.Session.Character.HitPoints.h">
      <Filter>Header Files\Session\Character\Characteristic</Filter>
    </ClInclude>
    <ClInclude Include="Game.Session.Character.KnownIsland.h">
      <Filter>Header Files\Session\Character\KnownIsland</Filter>
    </ClInclude>
    <ClInclude Include="Game.Session.Character.KnownIslands.h">
      <Filter>Header Files\Session\Character\KnownIsland</Filter>
    </ClInclude>
    <ClInclude Include="Game.Session.Character.Plight.h">
      <Filter>Header Files\Session\Character\Plight</Filter>
    </ClInclude>
    <ClInclude Include="Game.Session.Character.Plights.h">
      <Filter>Header Files\Session\Character\Plight</Filter>
    </ClInclude>
    <ClInclude Include="Game.Session.Item.Type.Commodities.h">
      <Filter>Header Files\Session\Item\Commodity</Filter>
    </ClInclude>
    <ClInclude Include="Game.Session.Item.Type.Commodity.h">
      <Filter>Header Files\Session\Item\Commodity</Filter>
    </ClInclude>
    <ClInclude Include="Game.Session.Item.Type.h">
      <Filter>Header Files\Session\Item\Type</Filter>
    </ClInclude>
    <ClInclude Include="Game.Session.Item.Types.h">
      <Filter>Header Files\Session\Item\Type</Filter>
    </ClInclude>
    <ClInclude Include="Game.Session.Ship.Berth.h">
      <Filter>Header Files\Session\Ship\Berth</Filter>
    </ClInclude>
    <ClInclude Include="Game.Session.Ship.Berths.h">
      <Filter>Header Files\Session\Ship\Berth</Filter>
    </ClInclude>
    <ClInclude Include="Game.Session.Ship.DockableIslands.h">
      <Filter>Header Files\Session\Ship\Island</Filter>
    </ClInclude>
    <ClInclude Include="Game.Session.Ship.VisibleIslands.h">
      <Filter>Header Files\Session\Ship\Island</Filter>
    </ClInclude>
    <ClInclude Include="Game.Session.Character.Mark.h">
      <Filter>Header Files\Session\Character\Mark</Filter>
    </ClInclude>
    <ClInclude Include="Game.Session.Character.Marks.h">
      <Filter>Header Files\Session\Character\Mark</Filter>
    </ClInclude>
    <ClInclude Include="Game.Profession.h">
      <Filter>Header Files\Enums</Filter>
    </ClInclude>
    <ClInclude Include="Game.Session.World.Profession.h">
      <Filter>Header Files\Session\World\Profession</Filter>
    </ClInclude>
    <ClInclude Include="Game.Session.World.Professions.h">
      <Filter>Header Files\Session\World\Profession</Filter>
    </ClInclude>
    <ClInclude Include="Game.Session.SkillCategories.h">
      <Filter>Header Files\Session\SkillCategory</Filter>
    </ClInclude>
    <ClInclude Include="Game.Session.SkillCategory.h">
      <Filter>Header Files\Session\SkillCategory</Filter>
    </ClInclude>
    <ClInclude Include="Game.Session.Skill.h">
      <Filter>Header Files\Session</Filter>
    </ClInclude>
    <ClInclude Include="Game.Session.Character.Skills.h">
      <Filter>Header Files\Session\Character</Filter>
    </ClInclude>
    <ClInclude Include="Game.Session.Character.Skill.h">
      <Filter>Header Files\Session\Character</Filter>
    </ClInclude>
    <ClInclude Include="Game.Island.District.h">
      <Filter>Header Files\Enums</Filter>
    </ClInclude>
    <ClInclude Include="Game.Session.Island.Market.h">
      <Filter>Header Files\Session\Island\Market</Filter>
    </ClInclude>
    <ClInclude Include="Game.Session.Island.Markets.h">
      <Filter>Header Files\Session\Island\Market</Filter>
    </ClInclude>
    <ClInclude Include="Game.Island.FeatureType.h">
      <Filter>Header Files\Enums</Filter>
    </ClInclude>
    <ClInclude Include="Game.Session.Island.District.Features.h">
      <Filter>Header Files\Session\Island\District</Filter>
    </ClInclude>
    <ClInclude Include="Game.Session.Island.District.h">
      <Filter>Header Files\Session\Island\District</Filter>
    </ClInclude>
    <ClInclude Include="Game.Session.Island.Districts.h">
      <Filter>Header Files\Session\Island\District</Filter>
    </ClInclude>
    <ClInclude Include="Game.Session.Island.Feature.h">
      <Filter>Header Files\Session\Island\Feature</Filter>
    </ClInclude>
    <ClInclude Include="Game.Session.Island.DeliveryService.Deliveries.h">
      <Filter>Header Files\Session\Island\Feature\Delivery Service</Filter>
    </ClInclude>
    <ClInclude Include="Game.Session.Island.DeliveryService.h">
      <Filter>Header Files\Session\Island\Feature\Delivery Service</Filter>
    </ClInclude>
    <ClInclude Include="Game.Session.Character.Deliveries.h">
      <Filter>Header Files\Session\Character\Delivery</Filter>
    </ClInclude>
    <ClInclude Include="Game.Session.Character.Delivery.h">
      <Filter>Header Files\Session\Character\Delivery</Filter>
    </ClInclude>
    <ClInclude Include="Game.Session.Delivery.h">
      <Filter>Header Files\Session\Delivery</Filter>
    </ClInclude>
    <ClInclude Include="Game.Session.Character.ItemTypes.h">
      <Filter>Header Files\Session\Character</Filter>
    </ClInclude>
    <ClInclude Include="Game.Session.Character.ItemType.h">
      <Filter>Header Files\Session\Character</Filter>
    </ClInclude>
    <ClInclude Include="Game.Session.Island.StreetVendor.h">
      <Filter>Header Files\Session\Island\Feature</Filter>
    </ClInclude>
  </ItemGroup>
  <ItemGroup>
    <ClCompile Include="Game.Session.cpp">
      <Filter>Source Files\Session</Filter>
    </ClCompile>
    <ClCompile Include="Game.Session.Character.Berth.cpp">
      <Filter>Source Files\Session\Character</Filter>
    </ClCompile>
    <ClCompile Include="Game.Session.Character.cpp">
      <Filter>Source Files\Session\Character</Filter>
    </ClCompile>
    <ClCompile Include="Game.Session.Character.Messages.cpp">
      <Filter>Source Files\Session\Character</Filter>
    </ClCompile>
    <ClCompile Include="Game.Session.Island.cpp">
      <Filter>Source Files\Session\Island</Filter>
    </ClCompile>
    <ClCompile Include="Game.Session.Ship.cpp">
      <Filter>Source Files\Session\Ship</Filter>
    </ClCompile>
    <ClCompile Include="Game.Session.World.cpp">
      <Filter>Source Files\Session\World</Filter>
    </ClCompile>
    <ClCompile Include="Game.Session.World.Wind.cpp">
      <Filter>Source Files\Session\World</Filter>
    </ClCompile>
    <ClCompile Include="Game.Session.Characters.cpp">
      <Filter>Source Files\Session\Character</Filter>
    </ClCompile>
    <ClCompile Include="Game.Session.Ships.cpp">
      <Filter>Source Files\Session\Ship</Filter>
    </ClCompile>
    <ClCompile Include="Game.Session.Demigods.cpp">
      <Filter>Source Files\Session\Demigod</Filter>
    </ClCompile>
    <ClCompile Include="Game.Session.Saves.cpp">
      <Filter>Source Files\Session\Saves</Filter>
    </ClCompile>
    <ClCompile Include="Game.Session.Save.cpp">
      <Filter>Source Files\Session\Saves</Filter>
    </ClCompile>
    <ClCompile Include="Game.Session.Player.cpp">
      <Filter>Source Files\Session</Filter>
    </ClCompile>
    <ClCompile Include="Game.Session.World.Bounds.cpp">
      <Filter>Source Files\Session\World</Filter>
    </ClCompile>
    <ClCompile Include="Game.Session.World.Distances.cpp">
      <Filter>Source Files\Session\World</Filter>
    </ClCompile>
    <ClCompile Include="Game.Session.Commodities.cpp">
      <Filter>Source Files\Session\Commodity</Filter>
    </ClCompile>
    <ClCompile Include="Game.Session.Commodity.cpp">
      <Filter>Source Files\Session\Commodity</Filter>
    </ClCompile>
    <ClCompile Include="Game.Session.Tribes.cpp">
      <Filter>Source Files\Session\Tribe</Filter>
    </ClCompile>
    <ClCompile Include="Game.Session.Tribe.cpp">
      <Filter>Source Files\Session\Tribe</Filter>
    </ClCompile>
    <ClCompile Include="Game.Session.World.Islands.cpp">
      <Filter>Source Files\Session\World</Filter>
    </ClCompile>
    <ClCompile Include="Game.Session.Demigod.cpp">
      <Filter>Source Files\Session\Demigod</Filter>
    </ClCompile>
    <ClCompile Include="Game.Session.Character.Characteristic.cpp">
      <Filter>Source Files\Session\Character\Characteristic</Filter>
    </ClCompile>
    <ClCompile Include="Game.Session.Character.Characteristics.cpp">
      <Filter>Source Files\Session\Character\Characteristic</Filter>
    </ClCompile>
    <ClCompile Include="Game.Session.Character.Counter.cpp">
      <Filter>Source Files\Session\Character\Counter</Filter>
    </ClCompile>
    <ClCompile Include="Game.Session.Character.Counters.cpp">
      <Filter>Source Files\Session\Character\Counter</Filter>
    </ClCompile>
    <ClCompile Include="Game.Session.Character.Flag.cpp">
      <Filter>Source Files\Session\Character\Flag</Filter>
    </ClCompile>
    <ClCompile Include="Game.Session.Character.Flags.cpp">
      <Filter>Source Files\Session\Character\Flag</Filter>
    </ClCompile>
    <ClCompile Include="Game.Session.Character.HitPoints.cpp">
      <Filter>Source Files\Session\Character\Characteristic</Filter>
    </ClCompile>
    <ClCompile Include="Game.Session.Character.Plight.cpp">
      <Filter>Source Files\Session\Character\Plight</Filter>
    </ClCompile>
    <ClCompile Include="Game.Session.Character.Plights.cpp">
      <Filter>Source Files\Session\Character\Plight</Filter>
    </ClCompile>
    <ClCompile Include="Game.Session.Character.KnownIsland.cpp">
      <Filter>Source Files\Session\Character\KnownIsland</Filter>
    </ClCompile>
    <ClCompile Include="Game.Session.Character.KnownIslands.cpp">
      <Filter>Source Files\Session\Character\KnownIsland</Filter>
    </ClCompile>
    <ClCompile Include="Game.ShipNames.cpp">
      <Filter>Source Files\Utility</Filter>
    </ClCompile>
    <ClCompile Include="Game.Session.World.Skills.cpp">
      <Filter>Source Files\Session\World</Filter>
    </ClCompile>
    <ClCompile Include="Game.Session.Item.Type.Commodities.cpp">
      <Filter>Source Files\Session\Item\Commodity</Filter>
    </ClCompile>
    <ClCompile Include="Game.Session.Item.Type.Commodity.cpp">
      <Filter>Source Files\Session\Item\Commodity</Filter>
    </ClCompile>
    <ClCompile Include="Game.Session.Item.Type.cpp">
      <Filter>Source Files\Session\Item\Type</Filter>
    </ClCompile>
    <ClCompile Include="Game.Session.Item.Types.cpp">
      <Filter>Source Files\Session\Item\Type</Filter>
    </ClCompile>
    <ClCompile Include="Game.Session.Ship.Berth.cpp">
      <Filter>Source Files\Session\Ship\Berth</Filter>
    </ClCompile>
    <ClCompile Include="Game.Session.Ship.Berths.cpp">
      <Filter>Source Files\Session\Ship\Berth</Filter>
    </ClCompile>
    <ClCompile Include="Game.Session.Ship.DockableIslands.cpp">
      <Filter>Source Files\Session\Ship\Island</Filter>
    </ClCompile>
    <ClCompile Include="Game.Session.Ship.VisibleIslands.cpp">
      <Filter>Source Files\Session\Ship\Island</Filter>
    </ClCompile>
    <ClCompile Include="Game.Session.World.Calendar.cpp">
      <Filter>Source Files\Session\World\Calendar</Filter>
    </ClCompile>
    <ClCompile Include="Game.Session.World.Calendar.Month.cpp">
      <Filter>Source Files\Session\World\Calendar</Filter>
    </ClCompile>
    <ClCompile Include="Game.Session.World.Calendar.Months.cpp">
      <Filter>Source Files\Session\World\Calendar</Filter>
    </ClCompile>
    <ClCompile Include="Game.Session.World.ShipType.cpp">
      <Filter>Source Files\Session\World\ShipType</Filter>
    </ClCompile>
    <ClCompile Include="Game.Session.Character.Mark.cpp">
      <Filter>Source Files\Session\Character\Mark</Filter>
    </ClCompile>
    <ClCompile Include="Game.Session.Character.Marks.cpp">
      <Filter>Source Files\Session\Character\Mark</Filter>
    </ClCompile>
    <ClCompile Include="Game.Session.World.Profession.cpp">
      <Filter>Source Files\Session\World\Profession</Filter>
    </ClCompile>
    <ClCompile Include="Game.Session.World.Professions.cpp">
      <Filter>Source Files\Session\World\Profession</Filter>
    </ClCompile>
    <ClCompile Include="Game.Session.SkillCategories.cpp">
      <Filter>Source Files\Session\SkillCategory</Filter>
    </ClCompile>
    <ClCompile Include="Game.Session.SkillCategory.cpp">
      <Filter>Source Files\Session\SkillCategory</Filter>
    </ClCompile>
    <ClCompile Include="Game.Session.Skill.cpp">
      <Filter>Source Files\Session</Filter>
    </ClCompile>
    <ClCompile Include="Game.Session.Character.Skill.cpp">
      <Filter>Source Files\Session\Character</Filter>
    </ClCompile>
    <ClCompile Include="Game.Session.Island.Market.cpp">
      <Filter>Source Files\Session\Island\Market</Filter>
    </ClCompile>
    <ClCompile Include="Game.Session.Island.Markets.cpp">
      <Filter>Source Files\Session\Island\Market</Filter>
    </ClCompile>
    <ClCompile Include="Game.Session.Island.District.cpp">
      <Filter>Source Files\Session\Island\District</Filter>
    </ClCompile>
    <ClCompile Include="Game.Session.Island.District.Features.cpp">
      <Filter>Source Files\Session\Island\District</Filter>
    </ClCompile>
    <ClCompile Include="Game.Session.Island.Districts.cpp">
      <Filter>Source Files\Session\Island\District</Filter>
    </ClCompile>
    <ClCompile Include="Game.Session.Island.Feature.cpp">
      <Filter>Source Files\Session\Island\Feature</Filter>
    </ClCompile>
    <ClCompile Include="Game.Session.Island.DeliveryService.cpp">
      <Filter>Source Files\Session\Island\Feature\Delivery Service</Filter>
    </ClCompile>
    <ClCompile Include="Game.Session.Island.DeliveryService.Deliveries.cpp">
      <Filter>Source Files\Session\Island\Feature\Delivery Service</Filter>
    </ClCompile>
    <ClCompile Include="Game.Session.Character.Deliveries.cpp">
      <Filter>Source Files\Session\Character\Delivery</Filter>
    </ClCompile>
    <ClCompile Include="Game.Session.Character.Delivery.cpp">
      <Filter>Source Files\Session\Character\Delivery</Filter>
    </ClCompile>
    <ClCompile Include="Game.Session.Delivery.cpp">
      <Filter>Source Files\Session\Delivery</Filter>
    </ClCompile>
    <ClCompile Include="Game.Session.Character.ItemTypes.cpp">
      <Filter>Source Files\Session\Character</Filter>
    </ClCompile>
    <ClCompile Include="Game.Session.Character.ItemType.cpp">
      <Filter>Source Files\Session\Character</Filter>
    </ClCompile>
    <ClCompile Include="Game.Session.Island.StreetVendor.cpp">
      <Filter>Source Files\Session\Island\Feature</Filter>
    </ClCompile>
  </ItemGroup>
  <ItemGroup>
    <None Include="Game.Session.Character.Flags.h">
      <Filter>Header Files\Session\Character\Flag</Filter>
    </None>
  </ItemGroup>
</Project>