<?xml version="1.0" encoding="utf-8"?>
<Project ToolsVersion="4.0" xmlns="http://schemas.microsoft.com/developer/msbuild/2003">
  <ItemGroup>
    <Filter Include="Source Files">
      <UniqueIdentifier>{4FC737F1-C7A5-4376-A066-2A32D752A2FF}</UniqueIdentifier>
      <Extensions>cpp;c;cc;cxx;c++;cppm;ixx;def;odl;idl;hpj;bat;asm;asmx</Extensions>
    </Filter>
    <Filter Include="Header Files">
      <UniqueIdentifier>{93995380-89BD-4b04-88EB-625FBE52EBFB}</UniqueIdentifier>
      <Extensions>h;hh;hpp;hxx;h++;hm;inl;inc;ipp;xsd</Extensions>
    </Filter>
  </ItemGroup>
  <ItemGroup>
    <ClInclude Include="Game.Achievements.h">
      <Filter>Header Files</Filter>
    </ClInclude>
    <ClInclude Include="Game.Audio.Mux.h">
      <Filter>Header Files</Filter>
    </ClInclude>
    <ClInclude Include="Game.Audio.Sfx.h">
      <Filter>Header Files</Filter>
    </ClInclude>
    <ClInclude Include="Game.Avatar.AtSea.h">
      <Filter>Header Files</Filter>
    </ClInclude>
    <ClInclude Include="Game.Avatar.Destination.h">
      <Filter>Header Files</Filter>
    </ClInclude>
    <ClInclude Include="Game.Avatar.Docked.DockedStateTransition.h">
      <Filter>Header Files</Filter>
    </ClInclude>
    <ClInclude Include="Game.Avatar.Docked.h">
      <Filter>Header Files</Filter>
    </ClInclude>
    <ClInclude Include="Game.Avatar.DockedAction.h">
      <Filter>Header Files</Filter>
    </ClInclude>
    <ClInclude Include="Game.Avatar.DockedState.h">
      <Filter>Header Files</Filter>
    </ClInclude>
    <ClInclude Include="Game.Avatar.Items.h">
      <Filter>Header Files</Filter>
    </ClInclude>
    <ClInclude Include="Game.Avatar.Log.h">
      <Filter>Header Files</Filter>
    </ClInclude>
    <ClInclude Include="Game.Avatar.Quest.h">
      <Filter>Header Files</Filter>
    </ClInclude>
    <ClInclude Include="Game.Avatar.Ship.h">
      <Filter>Header Files</Filter>
    </ClInclude>
    <ClInclude Include="Game.Avatar.Statistic.h">
      <Filter>Header Files</Filter>
    </ClInclude>
    <ClInclude Include="Game.Avatar.Statistics.h">
      <Filter>Header Files</Filter>
    </ClInclude>
    <ClInclude Include="Game.Commodities.h">
      <Filter>Header Files</Filter>
    </ClInclude>
    <ClInclude Include="Game.Commodity.h">
      <Filter>Header Files</Filter>
    </ClInclude>
    <ClInclude Include="Game.CommodityDescriptor.h">
      <Filter>Header Files</Filter>
    </ClInclude>
    <ClInclude Include="Game.Difficulty.h">
      <Filter>Header Files</Filter>
    </ClInclude>
    <ClInclude Include="Game.Feature.h">
      <Filter>Header Files</Filter>
    </ClInclude>
    <ClInclude Include="Game.FeatureDescriptor.h">
      <Filter>Header Files</Filter>
    </ClInclude>
    <ClInclude Include="Game.Features.h">
      <Filter>Header Files</Filter>
    </ClInclude>
    <ClInclude Include="Game.h">
      <Filter>Header Files</Filter>
    </ClInclude>
    <ClInclude Include="Game.Islands.Commodities.h">
      <Filter>Header Files</Filter>
    </ClInclude>
    <ClInclude Include="Game.Islands.DarkAlley.FightCards.h">
      <Filter>Header Files</Filter>
    </ClInclude>
    <ClInclude Include="Game.Islands.DarkAlley.h">
      <Filter>Header Files</Filter>
    </ClInclude>
    <ClInclude Include="Game.Islands.Features.h">
      <Filter>Header Files</Filter>
    </ClInclude>
    <ClInclude Include="Game.Islands.h">
      <Filter>Header Files</Filter>
    </ClInclude>
    <ClInclude Include="Game.Islands.Items.h">
      <Filter>Header Files</Filter>
    </ClInclude>
    <ClInclude Include="Game.Islands.Markets.h">
      <Filter>Header Files</Filter>
    </ClInclude>
    <ClInclude Include="Game.Islands.Quests.h">
      <Filter>Header Files</Filter>
    </ClInclude>
    <ClInclude Include="Game.Islands.Ships.h">
      <Filter>Header Files</Filter>
    </ClInclude>
    <ClInclude Include="Game.Item.h">
      <Filter>Header Files</Filter>
    </ClInclude>
    <ClInclude Include="Game.ItemDescriptor.h">
      <Filter>Header Files</Filter>
    </ClInclude>
    <ClInclude Include="Game.Items.h">
      <Filter>Header Files</Filter>
    </ClInclude>
    <ClInclude Include="Game.Quest.h">
      <Filter>Header Files</Filter>
    </ClInclude>
    <ClInclude Include="Game.Ship.h">
      <Filter>Header Files</Filter>
    </ClInclude>
    <ClInclude Include="Game.Ship.Property.h">
      <Filter>Header Files</Filter>
    </ClInclude>
    <ClInclude Include="Game.ShipDescriptor.h">
      <Filter>Header Files</Filter>
    </ClInclude>
    <ClInclude Include="Game.Ships.h">
      <Filter>Header Files</Filter>
    </ClInclude>
    <ClInclude Include="Game.World.h">
      <Filter>Header Files</Filter>
    </ClInclude>
    <ClInclude Include="Visuals.Data.Colors.h">
      <Filter>Header Files</Filter>
    </ClInclude>
  </ItemGroup>
  <ItemGroup>
    <ClCompile Include="Game.Avatar.AtSea.cpp">
      <Filter>Source Files</Filter>
    </ClCompile>
    <ClCompile Include="Game.Avatar.Destination.cpp">
      <Filter>Source Files</Filter>
    </ClCompile>
    <ClCompile Include="Game.Avatar.Docked.ActionDescriptors.cpp">
      <Filter>Source Files</Filter>
    </ClCompile>
    <ClCompile Include="Game.Avatar.Items.cpp">
      <Filter>Source Files</Filter>
    </ClCompile>
    <ClCompile Include="Game.Avatar.Log.cpp">
      <Filter>Source Files</Filter>
    </ClCompile>
    <ClCompile Include="Game.Avatar.Quest.cpp">
      <Filter>Source Files</Filter>
    </ClCompile>
    <ClCompile Include="Game.Avatar.Ship.cpp">
      <Filter>Source Files</Filter>
    </ClCompile>
    <ClCompile Include="Game.Avatar.Statistics.cpp">
      <Filter>Source Files</Filter>
    </ClCompile>
    <ClCompile Include="Game.Commodities.cpp">
      <Filter>Source Files</Filter>
    </ClCompile>
    <ClCompile Include="Game.cpp">
      <Filter>Source Files</Filter>
    </ClCompile>
    <ClCompile Include="Game.Features.cpp">
      <Filter>Source Files</Filter>
    </ClCompile>
    <ClCompile Include="Game.Islands.Commodities.cpp">
      <Filter>Source Files</Filter>
    </ClCompile>
    <ClCompile Include="Game.Islands.cpp">
      <Filter>Source Files</Filter>
    </ClCompile>
    <ClCompile Include="Game.Islands.DarkAlley.cpp">
      <Filter>Source Files</Filter>
    </ClCompile>
    <ClCompile Include="Game.Islands.DarkAlley.FightCards.cpp">
      <Filter>Source Files</Filter>
    </ClCompile>
    <ClCompile Include="Game.Islands.Features.cpp">
      <Filter>Source Files</Filter>
    </ClCompile>
    <ClCompile Include="Game.Islands.Generation.cpp">
      <Filter>Source Files</Filter>
    </ClCompile>
    <ClCompile Include="Game.Islands.Items.cpp">
      <Filter>Source Files</Filter>
    </ClCompile>
    <ClCompile Include="Game.Islands.Markets.cpp">
      <Filter>Source Files</Filter>
    </ClCompile>
    <ClCompile Include="Game.Islands.Quests.cpp">
      <Filter>Source Files</Filter>
    </ClCompile>
    <ClCompile Include="Game.Islands.Ships.cpp">
      <Filter>Source Files</Filter>
    </ClCompile>
    <ClCompile Include="Game.Items.cpp">
      <Filter>Source Files</Filter>
    </ClCompile>
    <ClCompile Include="Game.Ships.cpp">
      <Filter>Source Files</Filter>
    </ClCompile>
    <ClCompile Include="Game.World.cpp">
      <Filter>Source Files</Filter>
    </ClCompile>
  </ItemGroup>
</Project>