<?xml version="1.0" encoding="utf-8"?>
<Project ToolsVersion="4.0" xmlns="http://schemas.microsoft.com/developer/msbuild/2003">
  <ItemGroup>
    <ClCompile Include="Main.cpp">
      <Filter>Source</Filter>
    </ClCompile>
    <ClCompile Include="Application.Starters.cpp">
      <Filter>Source</Filter>
    </ClCompile>
    <ClCompile Include="Game.Achievements.cpp">
      <Filter>Source</Filter>
    </ClCompile>
    <ClCompile Include="Game.Audio.Mux.cpp">
      <Filter>Source</Filter>
    </ClCompile>
    <ClCompile Include="Game.Audio.Sfx.cpp">
      <Filter>Source</Filter>
    </ClCompile>
    <ClCompile Include="Game.Avatar.Docked.Messages.cpp">
      <Filter>Source</Filter>
    </ClCompile>
    <ClCompile Include="Audio.Platform.cpp">
      <Filter>Source</Filter>
    </ClCompile>
  </ItemGroup>
  <ItemGroup>
    <Filter Include="Headers">
      <UniqueIdentifier>{3f0995ba-cbba-4e6d-8f36-2e7fcc622317}</UniqueIdentifier>
    </Filter>
    <Filter Include="Source">
      <UniqueIdentifier>{0d16c7ab-fe54-459a-a111-88fd92e8a3bc}</UniqueIdentifier>
    </Filter>
  </ItemGroup>
</Project>