
Microsoft Visual Studio Solution File, Format Version 12.00
# Visual Studio Version 16
VisualStudioVersion = 16.0.31613.86
MinimumVisualStudioVersion = 10.0.40219.1
Project("{8BC9CEB8-8B4A-11D0-8D11-00A0C91BC942}") = "seafarers_of_splorr", "seafarers_of_splorr.vcxproj", "{30DF989A-FACD-4285-9DE8-A55FB863F537}"
EndProject
Project("{8BC9CEB8-8B4A-11D0-8D11-00A0C91BC942}") = "splorr_common", "..\splorr_common\splorr_common.vcxproj", "{2B17430F-5460-4DAA-94C5-4542448AA963}"
EndProject
Project("{8BC9CEB8-8B4A-11D0-8D11-00A0C91BC942}") = "splorr_common_tests", "..\splorr_common_tests\splorr_common_tests.vcxproj", "{9E187D7E-0F3B-4364-9164-02CB18BF3A06}"
EndProject
Project("{8BC9CEB8-8B4A-11D0-8D11-00A0C91BC942}") = "splorr_cards", "..\splorr_cards\splorr_cards.vcxproj", "{EA3F51F8-5B3E-4302-8A09-DAB385874487}"
EndProject
Project("{8BC9CEB8-8B4A-11D0-8D11-00A0C91BC942}") = "splorr_mazes", "..\splorr_mazes\splorr_mazes.vcxproj", "{767261C3-D455-4EB9-8BD8-FD9C010782E2}"
EndProject
Project("{8BC9CEB8-8B4A-11D0-8D11-00A0C91BC942}") = "splorr_data", "..\splorr_data\splorr_data.vcxproj", "{9606958E-C33D-4F3E-9799-0E4D1837F503}"
EndProject
Project("{8BC9CEB8-8B4A-11D0-8D11-00A0C91BC942}") = "splorr_audio", "..\splorr_audio\splorr_audio.vcxproj", "{57134C88-EAEC-440D-B3C5-F6FF4A366BCA}"
EndProject
Project("{8BC9CEB8-8B4A-11D0-8D11-00A0C91BC942}") = "seafarers_data", "..\seafarers_data\seafarers_data.vcxproj", "{D31B84B6-33BE-486C-AE05-C9730E7C2EA3}"
EndProject
Project("{8BC9CEB8-8B4A-11D0-8D11-00A0C91BC942}") = "splorr_application", "..\splorr_application\splorr_application.vcxproj", "{D324E44E-369B-4237-99A8-1A508C5AFCC4}"
EndProject
Project("{8BC9CEB8-8B4A-11D0-8D11-00A0C91BC942}") = "splorr_visuals", "..\splorr_visuals\splorr_visuals.vcxproj", "{2F3275B9-FA56-4380-BBBE-73DD19468CC9}"
EndProject
Project("{8BC9CEB8-8B4A-11D0-8D11-00A0C91BC942}") = "seafarers_game", "..\seafarers_game\seafarers_game.vcxproj", "{6E53F361-DE75-4341-B9AE-016854C64749}"
EndProject
Project("{8BC9CEB8-8B4A-11D0-8D11-00A0C91BC942}") = "seafarers_visuals", "..\seafarers_visuals\seafarers_visuals.vcxproj", "{B4B0AA1C-4879-4763-BE82-D1BDC254EA8B}"
EndProject
Global
	GlobalSection(SolutionConfigurationPlatforms) = preSolution
		Debug|x64 = Debug|x64
		Debug|x86 = Debug|x86
		Release|x64 = Release|x64
		Release|x86 = Release|x86
	EndGlobalSection
	GlobalSection(ProjectConfigurationPlatforms) = postSolution
		{30DF989A-FACD-4285-9DE8-A55FB863F537}.Debug|x64.ActiveCfg = Debug|x64
		{30DF989A-FACD-4285-9DE8-A55FB863F537}.Debug|x64.Build.0 = Debug|x64
		{30DF989A-FACD-4285-9DE8-A55FB863F537}.Debug|x86.ActiveCfg = Debug|Win32
		{30DF989A-FACD-4285-9DE8-A55FB863F537}.Debug|x86.Build.0 = Debug|Win32
		{30DF989A-FACD-4285-9DE8-A55FB863F537}.Release|x64.ActiveCfg = Release|x64
		{30DF989A-FACD-4285-9DE8-A55FB863F537}.Release|x64.Build.0 = Release|x64
		{30DF989A-FACD-4285-9DE8-A55FB863F537}.Release|x86.ActiveCfg = Release|Win32
		{30DF989A-FACD-4285-9DE8-A55FB863F537}.Release|x86.Build.0 = Release|Win32
		{2B17430F-5460-4DAA-94C5-4542448AA963}.Debug|x64.ActiveCfg = Debug|x64
		{2B17430F-5460-4DAA-94C5-4542448AA963}.Debug|x64.Build.0 = Debug|x64
		{2B17430F-5460-4DAA-94C5-4542448AA963}.Debug|x86.ActiveCfg = Debug|Win32
		{2B17430F-5460-4DAA-94C5-4542448AA963}.Debug|x86.Build.0 = Debug|Win32
		{2B17430F-5460-4DAA-94C5-4542448AA963}.Release|x64.ActiveCfg = Release|x64
		{2B17430F-5460-4DAA-94C5-4542448AA963}.Release|x64.Build.0 = Release|x64
		{2B17430F-5460-4DAA-94C5-4542448AA963}.Release|x86.ActiveCfg = Release|Win32
		{2B17430F-5460-4DAA-94C5-4542448AA963}.Release|x86.Build.0 = Release|Win32
		{9E187D7E-0F3B-4364-9164-02CB18BF3A06}.Debug|x64.ActiveCfg = Debug|x64
		{9E187D7E-0F3B-4364-9164-02CB18BF3A06}.Debug|x64.Build.0 = Debug|x64
		{9E187D7E-0F3B-4364-9164-02CB18BF3A06}.Debug|x86.ActiveCfg = Debug|Win32
		{9E187D7E-0F3B-4364-9164-02CB18BF3A06}.Debug|x86.Build.0 = Debug|Win32
		{9E187D7E-0F3B-4364-9164-02CB18BF3A06}.Release|x64.ActiveCfg = Release|x64
		{9E187D7E-0F3B-4364-9164-02CB18BF3A06}.Release|x64.Build.0 = Release|x64
		{9E187D7E-0F3B-4364-9164-02CB18BF3A06}.Release|x86.ActiveCfg = Release|Win32
		{9E187D7E-0F3B-4364-9164-02CB18BF3A06}.Release|x86.Build.0 = Release|Win32
		{EA3F51F8-5B3E-4302-8A09-DAB385874487}.Debug|x64.ActiveCfg = Debug|x64
		{EA3F51F8-5B3E-4302-8A09-DAB385874487}.Debug|x64.Build.0 = Debug|x64
		{EA3F51F8-5B3E-4302-8A09-DAB385874487}.Debug|x86.ActiveCfg = Debug|Win32
		{EA3F51F8-5B3E-4302-8A09-DAB385874487}.Debug|x86.Build.0 = Debug|Win32
		{EA3F51F8-5B3E-4302-8A09-DAB385874487}.Release|x64.ActiveCfg = Release|x64
		{EA3F51F8-5B3E-4302-8A09-DAB385874487}.Release|x64.Build.0 = Release|x64
		{EA3F51F8-5B3E-4302-8A09-DAB385874487}.Release|x86.ActiveCfg = Release|Win32
		{EA3F51F8-5B3E-4302-8A09-DAB385874487}.Release|x86.Build.0 = Release|Win32
		{767261C3-D455-4EB9-8BD8-FD9C010782E2}.Debug|x64.ActiveCfg = Debug|x64
		{767261C3-D455-4EB9-8BD8-FD9C010782E2}.Debug|x64.Build.0 = Debug|x64
		{767261C3-D455-4EB9-8BD8-FD9C010782E2}.Debug|x86.ActiveCfg = Debug|Win32
		{767261C3-D455-4EB9-8BD8-FD9C010782E2}.Debug|x86.Build.0 = Debug|Win32
		{767261C3-D455-4EB9-8BD8-FD9C010782E2}.Release|x64.ActiveCfg = Release|x64
		{767261C3-D455-4EB9-8BD8-FD9C010782E2}.Release|x64.Build.0 = Release|x64
		{767261C3-D455-4EB9-8BD8-FD9C010782E2}.Release|x86.ActiveCfg = Release|Win32
		{767261C3-D455-4EB9-8BD8-FD9C010782E2}.Release|x86.Build.0 = Release|Win32
		{9606958E-C33D-4F3E-9799-0E4D1837F503}.Debug|x64.ActiveCfg = Debug|x64
		{9606958E-C33D-4F3E-9799-0E4D1837F503}.Debug|x64.Build.0 = Debug|x64
		{9606958E-C33D-4F3E-9799-0E4D1837F503}.Debug|x86.ActiveCfg = Debug|Win32
		{9606958E-C33D-4F3E-9799-0E4D1837F503}.Debug|x86.Build.0 = Debug|Win32
		{9606958E-C33D-4F3E-9799-0E4D1837F503}.Release|x64.ActiveCfg = Release|x64
		{9606958E-C33D-4F3E-9799-0E4D1837F503}.Release|x64.Build.0 = Release|x64
		{9606958E-C33D-4F3E-9799-0E4D1837F503}.Release|x86.ActiveCfg = Release|Win32
		{9606958E-C33D-4F3E-9799-0E4D1837F503}.Release|x86.Build.0 = Release|Win32
		{57134C88-EAEC-440D-B3C5-F6FF4A366BCA}.Debug|x64.ActiveCfg = Debug|x64
		{57134C88-EAEC-440D-B3C5-F6FF4A366BCA}.Debug|x64.Build.0 = Debug|x64
		{57134C88-EAEC-440D-B3C5-F6FF4A366BCA}.Debug|x86.ActiveCfg = Debug|Win32
		{57134C88-EAEC-440D-B3C5-F6FF4A366BCA}.Debug|x86.Build.0 = Debug|Win32
		{57134C88-EAEC-440D-B3C5-F6FF4A366BCA}.Release|x64.ActiveCfg = Release|x64
		{57134C88-EAEC-440D-B3C5-F6FF4A366BCA}.Release|x64.Build.0 = Release|x64
		{57134C88-EAEC-440D-B3C5-F6FF4A366BCA}.Release|x86.ActiveCfg = Release|Win32
		{57134C88-EAEC-440D-B3C5-F6FF4A366BCA}.Release|x86.Build.0 = Release|Win32
		{D31B84B6-33BE-486C-AE05-C9730E7C2EA3}.Debug|x64.ActiveCfg = Debug|x64
		{D31B84B6-33BE-486C-AE05-C9730E7C2EA3}.Debug|x64.Build.0 = Debug|x64
		{D31B84B6-33BE-486C-AE05-C9730E7C2EA3}.Debug|x86.ActiveCfg = Debug|Win32
		{D31B84B6-33BE-486C-AE05-C9730E7C2EA3}.Debug|x86.Build.0 = Debug|Win32
		{D31B84B6-33BE-486C-AE05-C9730E7C2EA3}.Release|x64.ActiveCfg = Release|x64
		{D31B84B6-33BE-486C-AE05-C9730E7C2EA3}.Release|x64.Build.0 = Release|x64
		{D31B84B6-33BE-486C-AE05-C9730E7C2EA3}.Release|x86.ActiveCfg = Release|Win32
		{D31B84B6-33BE-486C-AE05-C9730E7C2EA3}.Release|x86.Build.0 = Release|Win32
		{D324E44E-369B-4237-99A8-1A508C5AFCC4}.Debug|x64.ActiveCfg = Debug|x64
		{D324E44E-369B-4237-99A8-1A508C5AFCC4}.Debug|x64.Build.0 = Debug|x64
		{D324E44E-369B-4237-99A8-1A508C5AFCC4}.Debug|x86.ActiveCfg = Debug|Win32
		{D324E44E-369B-4237-99A8-1A508C5AFCC4}.Debug|x86.Build.0 = Debug|Win32
		{D324E44E-369B-4237-99A8-1A508C5AFCC4}.Release|x64.ActiveCfg = Release|x64
		{D324E44E-369B-4237-99A8-1A508C5AFCC4}.Release|x64.Build.0 = Release|x64
		{D324E44E-369B-4237-99A8-1A508C5AFCC4}.Release|x86.ActiveCfg = Release|Win32
		{D324E44E-369B-4237-99A8-1A508C5AFCC4}.Release|x86.Build.0 = Release|Win32
		{2F3275B9-FA56-4380-BBBE-73DD19468CC9}.Debug|x64.ActiveCfg = Debug|x64
		{2F3275B9-FA56-4380-BBBE-73DD19468CC9}.Debug|x64.Build.0 = Debug|x64
		{2F3275B9-FA56-4380-BBBE-73DD19468CC9}.Debug|x86.ActiveCfg = Debug|Win32
		{2F3275B9-FA56-4380-BBBE-73DD19468CC9}.Debug|x86.Build.0 = Debug|Win32
		{2F3275B9-FA56-4380-BBBE-73DD19468CC9}.Release|x64.ActiveCfg = Release|x64
		{2F3275B9-FA56-4380-BBBE-73DD19468CC9}.Release|x64.Build.0 = Release|x64
		{2F3275B9-FA56-4380-BBBE-73DD19468CC9}.Release|x86.ActiveCfg = Release|Win32
		{2F3275B9-FA56-4380-BBBE-73DD19468CC9}.Release|x86.Build.0 = Release|Win32
		{6E53F361-DE75-4341-B9AE-016854C64749}.Debug|x64.ActiveCfg = Debug|x64
		{6E53F361-DE75-4341-B9AE-016854C64749}.Debug|x64.Build.0 = Debug|x64
		{6E53F361-DE75-4341-B9AE-016854C64749}.Debug|x86.ActiveCfg = Debug|Win32
		{6E53F361-DE75-4341-B9AE-016854C64749}.Debug|x86.Build.0 = Debug|Win32
		{6E53F361-DE75-4341-B9AE-016854C64749}.Release|x64.ActiveCfg = Release|x64
		{6E53F361-DE75-4341-B9AE-016854C64749}.Release|x64.Build.0 = Release|x64
		{6E53F361-DE75-4341-B9AE-016854C64749}.Release|x86.ActiveCfg = Release|Win32
		{6E53F361-DE75-4341-B9AE-016854C64749}.Release|x86.Build.0 = Release|Win32
		{B4B0AA1C-4879-4763-BE82-D1BDC254EA8B}.Debug|x64.ActiveCfg = Debug|x64
		{B4B0AA1C-4879-4763-BE82-D1BDC254EA8B}.Debug|x64.Build.0 = Debug|x64
		{B4B0AA1C-4879-4763-BE82-D1BDC254EA8B}.Debug|x86.ActiveCfg = Debug|Win32
		{B4B0AA1C-4879-4763-BE82-D1BDC254EA8B}.Debug|x86.Build.0 = Debug|Win32
		{B4B0AA1C-4879-4763-BE82-D1BDC254EA8B}.Release|x64.ActiveCfg = Release|x64
		{B4B0AA1C-4879-4763-BE82-D1BDC254EA8B}.Release|x64.Build.0 = Release|x64
		{B4B0AA1C-4879-4763-BE82-D1BDC254EA8B}.Release|x86.ActiveCfg = Release|Win32
		{B4B0AA1C-4879-4763-BE82-D1BDC254EA8B}.Release|x86.Build.0 = Release|Win32
	EndGlobalSection
	GlobalSection(SolutionProperties) = preSolution
		HideSolutionNode = FALSE
	EndGlobalSection
	GlobalSection(ExtensibilityGlobals) = postSolution
		SolutionGuid = {0CFCE817-B5F1-46A7-AA91-70964EF1F042}
	EndGlobalSection
EndGlobal
