<?xml version="1.0" encoding="utf-8"?>
<Project ToolsVersion="4.0" xmlns="http://schemas.microsoft.com/developer/msbuild/2003">
  <ItemGroup>
    <Filter Include="Source Files">
      <UniqueIdentifier>{4FC737F1-C7A5-4376-A066-2A32D752A2FF}</UniqueIdentifier>
      <Extensions>cpp;c;cc;cxx;c++;cppm;ixx;def;odl;idl;hpj;bat;asm;asmx</Extensions>
    </Filter>
    <Filter Include="Header Files">
      <UniqueIdentifier>{93995380-89BD-4b04-88EB-625FBE52EBFB}</UniqueIdentifier>
      <Extensions>h;hh;hpp;hxx;h++;hm;inl;inc;ipp;xsd</Extensions>
    </Filter>
  </ItemGroup>
  <ItemGroup>
    <ClInclude Include="Game.Avatar.Destination.h">
      <Filter>Header Files</Filter>
    </ClInclude>
    <ClInclude Include="Game.Avatar.Destinations.h">
      <Filter>Header Files</Filter>
    </ClInclude>
    <ClInclude Include="Game.Avatar.Docked.h">
      <Filter>Header Files</Filter>
    </ClInclude>
    <ClInclude Include="Game.Avatar.Equipment.h">
      <Filter>Header Files</Filter>
    </ClInclude>
    <ClInclude Include="Game.Avatar.h">
      <Filter>Header Files</Filter>
    </ClInclude>
    <ClInclude Include="Game.Avatar.Items.h">
      <Filter>Header Files</Filter>
    </ClInclude>
    <ClInclude Include="Game.Avatar.Log.h">
      <Filter>Header Files</Filter>
    </ClInclude>
    <ClInclude Include="Game.Avatar.Plight.h">
      <Filter>Header Files</Filter>
    </ClInclude>
    <ClInclude Include="Game.Avatar.PlightDescriptor.h">
      <Filter>Header Files</Filter>
    </ClInclude>
    <ClInclude Include="Game.Avatar.Plights.h">
      <Filter>Header Files</Filter>
    </ClInclude>
    <ClInclude Include="Game.Avatar.PlightType.h">
      <Filter>Header Files</Filter>
    </ClInclude>
    <ClInclude Include="Game.Avatar.Quest.h">
      <Filter>Header Files</Filter>
    </ClInclude>
    <ClInclude Include="Game.Avatar.Ship.h">
      <Filter>Header Files</Filter>
    </ClInclude>
    <ClInclude Include="Game.Avatar.ShipStatistics.h">
      <Filter>Header Files</Filter>
    </ClInclude>
    <ClInclude Include="Game.Avatar.State.h">
      <Filter>Header Files</Filter>
    </ClInclude>
    <ClInclude Include="Game.Avatar.StateTransition.h">
      <Filter>Header Files</Filter>
    </ClInclude>
    <ClInclude Include="Game.Avatar.Statistic.h">
      <Filter>Header Files</Filter>
    </ClInclude>
    <ClInclude Include="Game.Avatar.Statistics.h">
      <Filter>Header Files</Filter>
    </ClInclude>
    <ClInclude Include="Game.Avatar.Action.h">
      <Filter>Header Files</Filter>
    </ClInclude>
  </ItemGroup>
  <ItemGroup>
    <ClCompile Include="Game.Avatar.ActionDescriptors.cpp">
      <Filter>Source Files</Filter>
    </ClCompile>
    <ClCompile Include="Game.Avatar.cpp">
      <Filter>Source Files</Filter>
    </ClCompile>
    <ClCompile Include="Game.Avatar.Destinations.cpp">
      <Filter>Source Files</Filter>
    </ClCompile>
    <ClCompile Include="Game.Avatar.Docked.cpp">
      <Filter>Source Files</Filter>
    </ClCompile>
    <ClCompile Include="Game.Avatar.Equipment.cpp">
      <Filter>Source Files</Filter>
    </ClCompile>
    <ClCompile Include="Game.Avatar.Items.cpp">
      <Filter>Source Files</Filter>
    </ClCompile>
    <ClCompile Include="Game.Avatar.Log.cpp">
      <Filter>Source Files</Filter>
    </ClCompile>
    <ClCompile Include="Game.Avatar.Plights.cpp">
      <Filter>Source Files</Filter>
    </ClCompile>
    <ClCompile Include="Game.Avatar.Quest.cpp">
      <Filter>Source Files</Filter>
    </ClCompile>
    <ClCompile Include="Game.Avatar.Ship.cpp">
      <Filter>Source Files</Filter>
    </ClCompile>
    <ClCompile Include="Game.Avatar.ShipStatistics.cpp">
      <Filter>Source Files</Filter>
    </ClCompile>
    <ClCompile Include="Game.Avatar.Statistics.cpp">
      <Filter>Source Files</Filter>
    </ClCompile>
  </ItemGroup>
</Project>