<?xml version="1.0" encoding="utf-8"?>
<Project ToolsVersion="4.0" xmlns="http://schemas.microsoft.com/developer/msbuild/2003">
  <ItemGroup>
    <Filter Include="Source Files">
      <UniqueIdentifier>{4FC737F1-C7A5-4376-A066-2A32D752A2FF}</UniqueIdentifier>
      <Extensions>cpp;c;cc;cxx;c++;cppm;ixx;def;odl;idl;hpj;bat;asm;asmx</Extensions>
    </Filter>
    <Filter Include="Header Files">
      <UniqueIdentifier>{93995380-89BD-4b04-88EB-625FBE52EBFB}</UniqueIdentifier>
      <Extensions>h;hh;hpp;hxx;h++;hm;inl;inc;ipp;xsd</Extensions>
    </Filter>
    <Filter Include="Source Files\Island">
      <UniqueIdentifier>{972b31bc-16e2-4396-9f08-6765053eacfc}</UniqueIdentifier>
    </Filter>
    <Filter Include="Header Files\Island">
      <UniqueIdentifier>{15d0a0c4-bd55-42e2-b4ea-e652c58f7a6d}</UniqueIdentifier>
    </Filter>
    <Filter Include="Header Files\Stores">
      <UniqueIdentifier>{894a6eff-d210-4967-a19d-3145f2990a36}</UniqueIdentifier>
    </Filter>
    <Filter Include="Header Files\Demigod">
      <UniqueIdentifier>{02569f34-02fd-4c96-99f4-a1058f3320f4}</UniqueIdentifier>
    </Filter>
    <Filter Include="Source Files\Demigod">
      <UniqueIdentifier>{6efb8dd5-d82a-4a9c-952a-61c07e9bf061}</UniqueIdentifier>
    </Filter>
    <Filter Include="Header Files\Fishing">
      <UniqueIdentifier>{1dd22a68-235e-48bd-8540-c72f0ff1a190}</UniqueIdentifier>
    </Filter>
    <Filter Include="Source Files\Fishing">
      <UniqueIdentifier>{f52bb6bd-fa49-4e91-8135-9c93d58c2b3d}</UniqueIdentifier>
    </Filter>
    <Filter Include="Header Files\Player">
      <UniqueIdentifier>{8502177f-0eb3-48a1-b683-374d6db53904}</UniqueIdentifier>
    </Filter>
    <Filter Include="Source Files\Player">
      <UniqueIdentifier>{17a4a3b3-8049-4ca7-996f-366aabf18076}</UniqueIdentifier>
    </Filter>
    <Filter Include="Header Files\Ship">
      <UniqueIdentifier>{801907e8-642a-4e8a-9344-3c7ea40b63c7}</UniqueIdentifier>
    </Filter>
    <Filter Include="Source Files\Ship">
      <UniqueIdentifier>{e76df9de-9f65-4ada-b91a-135187c0b7ec}</UniqueIdentifier>
    </Filter>
    <Filter Include="Header Files\Character">
      <UniqueIdentifier>{3a261b1a-3d83-41d0-9fcf-3fb553c81dd5}</UniqueIdentifier>
    </Filter>
    <Filter Include="Source Files\Character">
      <UniqueIdentifier>{0b40a556-1eab-4a39-a222-6284d0cd1819}</UniqueIdentifier>
    </Filter>
    <Filter Include="Header Files\Island\Dark Alley">
      <UniqueIdentifier>{53523306-fff7-4843-97ac-2eee8fa47be3}</UniqueIdentifier>
    </Filter>
    <Filter Include="Header Files\Item">
      <UniqueIdentifier>{b3c8d42d-3cf7-4a49-8cf2-acd49570516b}</UniqueIdentifier>
    </Filter>
    <Filter Include="Source Files\Item">
      <UniqueIdentifier>{1222b979-f67f-4203-8e08-2a6e2dc969c5}</UniqueIdentifier>
    </Filter>
    <Filter Include="Header Files\World">
      <UniqueIdentifier>{aee462d3-6650-4b8e-a969-ec35afea52b3}</UniqueIdentifier>
    </Filter>
    <Filter Include="Source Files\World">
      <UniqueIdentifier>{425cb4b1-6bb9-4dc2-a512-02ac72aaf8ea}</UniqueIdentifier>
    </Filter>
    <Filter Include="Header Files\Tribe">
      <UniqueIdentifier>{3e829f9e-3c1c-4406-ba88-dc9e5253e6f7}</UniqueIdentifier>
    </Filter>
    <Filter Include="Source Files\Tribe">
      <UniqueIdentifier>{ef4e17df-c105-4a38-b8be-1d3f7ef428a8}</UniqueIdentifier>
    </Filter>
  </ItemGroup>
  <ItemGroup>
    <ClInclude Include="Data.Game.Common.h">
      <Filter>Header Files</Filter>
    </ClInclude>
    <ClInclude Include="Data.Game.Island.Feature.h">
      <Filter>Header Files\Island</Filter>
    </ClInclude>
    <ClInclude Include="Data.Game.Island.h">
      <Filter>Header Files\Island</Filter>
    </ClInclude>
    <ClInclude Include="Data.Game.Island.ItemLegacy.h">
      <Filter>Header Files\Island</Filter>
    </ClInclude>
    <ClInclude Include="Data.Game.Island.Market.h">
      <Filter>Header Files\Island</Filter>
    </ClInclude>
    <ClInclude Include="Data.Game.Island.QuestLegacy.h">
      <Filter>Header Files\Island</Filter>
    </ClInclude>
    <ClInclude Include="Data.JSON.Store.h">
      <Filter>Header Files\Stores</Filter>
    </ClInclude>
    <ClInclude Include="Data.SQLite.Store.h">
      <Filter>Header Files\Stores</Filter>
    </ClInclude>
    <ClInclude Include="Data.Game.Demigod.h">
      <Filter>Header Files\Demigod</Filter>
    </ClInclude>
    <ClInclude Include="Data.Game.FishboardCell.h">
      <Filter>Header Files\Fishing</Filter>
    </ClInclude>
    <ClInclude Include="Data.Game.Fishery.h">
      <Filter>Header Files\Fishing</Filter>
    </ClInclude>
    <ClInclude Include="Data.Game.FishGame.h">
      <Filter>Header Files\Fishing</Filter>
    </ClInclude>
    <ClInclude Include="Data.Game.Player.h">
      <Filter>Header Files\Player</Filter>
    </ClInclude>
    <ClInclude Include="Data.Game.Ship.h">
      <Filter>Header Files\Ship</Filter>
    </ClInclude>
    <ClInclude Include="Data.Game.Ship.Statistic.h">
      <Filter>Header Files\Ship</Filter>
    </ClInclude>
    <ClInclude Include="Data.Game.Character.DemigodFavor.h">
      <Filter>Header Files\Character</Filter>
    </ClInclude>
    <ClInclude Include="Data.Game.Character.h">
      <Filter>Header Files\Character</Filter>
    </ClInclude>
    <ClInclude Include="Data.Game.Character.Flags.h">
      <Filter>Header Files\Character</Filter>
    </ClInclude>
    <ClInclude Include="Data.Game.Character.ItemsLegacy.h">
      <Filter>Header Files\Character</Filter>
    </ClInclude>
    <ClInclude Include="Data.Game.Character.PlightLegacy.h">
      <Filter>Header Files\Character</Filter>
    </ClInclude>
    <ClInclude Include="Data.Game.Character.QuestLegacy.h">
      <Filter>Header Files\Character</Filter>
    </ClInclude>
    <ClInclude Include="Data.Game.Character.RationsLegacy.h">
      <Filter>Header Files\Character</Filter>
    </ClInclude>
    <ClInclude Include="Data.Game.Character.Ship.h">
      <Filter>Header Files\Character</Filter>
    </ClInclude>
    <ClInclude Include="Data.Game.Ship.CurrentIsland.h">
      <Filter>Header Files\Ship</Filter>
    </ClInclude>
    <ClInclude Include="Data.Game.Character.CurrentIsland.h">
      <Filter>Header Files\Character</Filter>
    </ClInclude>
    <ClInclude Include="Data.Game.Island.DarkAlley.FightCard.h">
      <Filter>Header Files\Island\Dark Alley</Filter>
    </ClInclude>
    <ClInclude Include="Data.Game.Island.DarkAlley.GamblingHand.h">
      <Filter>Header Files\Island\Dark Alley</Filter>
    </ClInclude>
    <ClInclude Include="Data.Game.Island.DarkAlley.h">
      <Filter>Header Files\Island\Dark Alley</Filter>
    </ClInclude>
    <ClInclude Include="Data.Game.Island.Tavern.h">
      <Filter>Header Files\Island</Filter>
    </ClInclude>
    <ClInclude Include="Data.Game.Character.Characteristic.h">
      <Filter>Header Files\Character</Filter>
    </ClInclude>
    <ClInclude Include="Data.Game.Character.Counter.h">
      <Filter>Header Files\Character</Filter>
    </ClInclude>
    <ClInclude Include="Data.Game.Character.Skill.h">
      <Filter>Header Files\Character</Filter>
    </ClInclude>
    <ClInclude Include="Data.Game.Item.h">
      <Filter>Header Files\Item</Filter>
    </ClInclude>
    <ClInclude Include="Data.Game.Character.ItemInstance.h">
      <Filter>Header Files\Character</Filter>
    </ClInclude>
    <ClInclude Include="Data.Game.Item.Type.h">
      <Filter>Header Files\Item</Filter>
    </ClInclude>
    <ClInclude Include="Data.Game.Item.Type.Commodity.h">
      <Filter>Header Files\Item</Filter>
    </ClInclude>
    <ClInclude Include="Data.Game.Character.KnownIsland.h">
      <Filter>Header Files\Character</Filter>
    </ClInclude>
    <ClInclude Include="Data.Game.World.h">
      <Filter>Header Files\World</Filter>
    </ClInclude>
    <ClInclude Include="Data.Game.World.Month.h">
      <Filter>Header Files\World</Filter>
    </ClInclude>
    <ClInclude Include="Data.Game.Tribe.h">
      <Filter>Header Files\Tribe</Filter>
    </ClInclude>
    <ClInclude Include="Data.Game.Island.Tribe.h">
      <Filter>Header Files\Island</Filter>
    </ClInclude>
  </ItemGroup>
  <ItemGroup>
    <ClCompile Include="Data.Game.Common.cpp">
      <Filter>Source Files</Filter>
    </ClCompile>
    <ClCompile Include="Data.Game.Island.cpp">
      <Filter>Source Files\Island</Filter>
    </ClCompile>
    <ClCompile Include="Data.Game.Island.DarkAlley.cpp">
      <Filter>Source Files\Island</Filter>
    </ClCompile>
    <ClCompile Include="Data.Game.Island.DarkAlley.FightCard.cpp">
      <Filter>Source Files\Island</Filter>
    </ClCompile>
    <ClCompile Include="Data.Game.Island.Feature.cpp">
      <Filter>Source Files\Island</Filter>
    </ClCompile>
    <ClCompile Include="Data.Game.Island.ItemLegacy.cpp">
      <Filter>Source Files\Island</Filter>
    </ClCompile>
    <ClCompile Include="Data.Game.Island.Market.cpp">
      <Filter>Source Files\Island</Filter>
    </ClCompile>
    <ClCompile Include="Data.Game.Island.QuestLegacy.cpp">
      <Filter>Source Files\Island</Filter>
    </ClCompile>
    <ClCompile Include="Data.Game.Island.DarkAlley.GamblingHand.cpp">
      <Filter>Source Files\Island</Filter>
    </ClCompile>
    <ClCompile Include="Data.Game.Demigod.cpp">
      <Filter>Source Files\Demigod</Filter>
    </ClCompile>
    <ClCompile Include="Data.Game.Fishery.cpp">
      <Filter>Source Files\Fishing</Filter>
    </ClCompile>
    <ClCompile Include="Data.Game.FishboardCell.cpp">
      <Filter>Source Files\Fishing</Filter>
    </ClCompile>
    <ClCompile Include="Data.Game.FishGame.cpp">
      <Filter>Source Files\Fishing</Filter>
    </ClCompile>
    <ClCompile Include="Data.Game.Player.cpp">
      <Filter>Source Files\Player</Filter>
    </ClCompile>
    <ClCompile Include="Data.Game.Ship.cpp">
      <Filter>Source Files\Ship</Filter>
    </ClCompile>
    <ClCompile Include="Data.Game.Ship.Statistic.cpp">
      <Filter>Source Files\Ship</Filter>
    </ClCompile>
    <ClCompile Include="Data.Game.Character.DemigodFavor.cpp">
      <Filter>Source Files\Character</Filter>
    </ClCompile>
    <ClCompile Include="Data.Game.Character.cpp">
      <Filter>Source Files\Character</Filter>
    </ClCompile>
    <ClCompile Include="Data.Game.Character.Flags.cpp">
      <Filter>Source Files\Character</Filter>
    </ClCompile>
    <ClCompile Include="Data.Game.Character.ItemsLegacy.cpp">
      <Filter>Source Files\Character</Filter>
    </ClCompile>
    <ClCompile Include="Data.Game.Character.PlightLegacy.cpp">
      <Filter>Source Files\Character</Filter>
    </ClCompile>
    <ClCompile Include="Data.Game.Character.QuestLegacy.cpp">
      <Filter>Source Files\Character</Filter>
    </ClCompile>
    <ClCompile Include="Data.Game.Character.RationsLegacy.cpp">
      <Filter>Source Files\Character</Filter>
    </ClCompile>
    <ClCompile Include="Data.Game.Character.Ship.cpp">
      <Filter>Source Files\Character</Filter>
    </ClCompile>
    <ClCompile Include="Data.Game.Ship.CurrentIsland.cpp">
      <Filter>Source Files\Ship</Filter>
    </ClCompile>
    <ClCompile Include="Data.Game.Character.CurrentIsland.cpp">
      <Filter>Source Files\Character</Filter>
    </ClCompile>
    <ClCompile Include="Data.Game.Island.Tavern.cpp">
      <Filter>Source Files\Island</Filter>
    </ClCompile>
    <ClCompile Include="Data.Game.Character.Characteristic.cpp">
      <Filter>Source Files\Character</Filter>
    </ClCompile>
    <ClCompile Include="Data.Game.Character.Counter.cpp">
      <Filter>Source Files\Character</Filter>
    </ClCompile>
    <ClCompile Include="Data.Game.Character.Skill.cpp">
      <Filter>Source Files\Character</Filter>
    </ClCompile>
    <ClCompile Include="Data.Game.Item.cpp">
      <Filter>Source Files\Item</Filter>
    </ClCompile>
    <ClCompile Include="Data.Game.Character.ItemInstance.cpp">
      <Filter>Source Files\Character</Filter>
    </ClCompile>
    <ClCompile Include="Data.Game.Item.Type.cpp">
      <Filter>Source Files\Item</Filter>
    </ClCompile>
    <ClCompile Include="Data.Game.Item.Type.Commodity.cpp">
      <Filter>Source Files\Item</Filter>
    </ClCompile>
    <ClCompile Include="Data.Game.Character.KnownIsland.cpp">
      <Filter>Source Files\Character</Filter>
    </ClCompile>
    <ClCompile Include="Data.Game.World.cpp">
      <Filter>Source Files\World</Filter>
    </ClCompile>
    <ClCompile Include="Data.Game.World.Month.cpp">
      <Filter>Source Files\World</Filter>
    </ClCompile>
    <ClCompile Include="Data.Game.Tribe.cpp">
      <Filter>Source Files\Tribe</Filter>
    </ClCompile>
    <ClCompile Include="Data.Game.Island.Tribe.cpp">
      <Filter>Source Files\Island</Filter>
    </ClCompile>
  </ItemGroup>
</Project>